// !$*UTF8*$!
{
	archiveVersion = 1;
	classes = {
	};
	objectVersion = 46;
	objects = {

/* Begin PBXBuildFile section */
		E79864821D17CD020074F8D2 /* main.m in Sources */ = {isa = PBXBuildFile; fileRef = E79864811D17CD020074F8D2 /* main.m */; };
		E79864851D17CD020074F8D2 /* AppDelegate.m in Sources */ = {isa = PBXBuildFile; fileRef = E79864841D17CD020074F8D2 /* AppDelegate.m */; };
		E79864881D17CD020074F8D2 /* ViewController.m in Sources */ = {isa = PBXBuildFile; fileRef = E79864871D17CD020074F8D2 /* ViewController.m */; };
		E798648B1D17CD020074F8D2 /* Main.storyboard in Resources */ = {isa = PBXBuildFile; fileRef = E79864891D17CD020074F8D2 /* Main.storyboard */; };
		E798648D1D17CD020074F8D2 /* Assets.xcassets in Resources */ = {isa = PBXBuildFile; fileRef = E798648C1D17CD020074F8D2 /* Assets.xcassets */; };
		E79864901D17CD020074F8D2 /* LaunchScreen.storyboard in Resources */ = {isa = PBXBuildFile; fileRef = E798648E1D17CD020074F8D2 /* LaunchScreen.storyboard */; };
		E798649B1D17CD020074F8D2 /* PhotoLibDemoTests.m in Sources */ = {isa = PBXBuildFile; fileRef = E798649A1D17CD020074F8D2 /* PhotoLibDemoTests.m */; };
		E79864A61D17CD020074F8D2 /* PhotoLibDemoUITests.m in Sources */ = {isa = PBXBuildFile; fileRef = E79864A51D17CD020074F8D2 /* PhotoLibDemoUITests.m */; };
		E7FCA2FF1E70FCFC00F02A9F /* NSString+CYPHChineseName.m in Sources */ = {isa = PBXBuildFile; fileRef = E7FCA2C41E70FCFC00F02A9F /* NSString+CYPHChineseName.m */; };
		E7FCA3001E70FCFC00F02A9F /* UIButton+CYCreate.m in Sources */ = {isa = PBXBuildFile; fileRef = E7FCA2C61E70FCFC00F02A9F /* UIButton+CYCreate.m */; };
		E7FCA3011E70FCFC00F02A9F /* UIImage+CYCutDown.m in Sources */ = {isa = PBXBuildFile; fileRef = E7FCA2C81E70FCFC00F02A9F /* UIImage+CYCutDown.m */; };
		E7FCA3021E70FCFC00F02A9F /* UIView+CY_1pxLine.m in Sources */ = {isa = PBXBuildFile; fileRef = E7FCA2CA1E70FCFC00F02A9F /* UIView+CY_1pxLine.m */; };
		E7FCA3031E70FCFC00F02A9F /* UIView+CYAnimation.m in Sources */ = {isa = PBXBuildFile; fileRef = E7FCA2CC1E70FCFC00F02A9F /* UIView+CYAnimation.m */; };
		E7FCA3041E70FCFC00F02A9F /* UIView+CYRect.m in Sources */ = {isa = PBXBuildFile; fileRef = E7FCA2CE1E70FCFC00F02A9F /* UIView+CYRect.m */; };
		E7FCA3051E70FCFC00F02A9F /* CYPhotoAblumListController.m in Sources */ = {isa = PBXBuildFile; fileRef = E7FCA2D11E70FCFC00F02A9F /* CYPhotoAblumListController.m */; };
		E7FCA3061E70FCFC00F02A9F /* CYPhotoBaseController.m in Sources */ = {isa = PBXBuildFile; fileRef = E7FCA2D31E70FCFC00F02A9F /* CYPhotoBaseController.m */; };
		E7FCA3071E70FCFC00F02A9F /* CYPhotoBrowserController.m in Sources */ = {isa = PBXBuildFile; fileRef = E7FCA2D51E70FCFC00F02A9F /* CYPhotoBrowserController.m */; };
		E7FCA3081E70FCFC00F02A9F /* CYPhotoBrowserController.xib in Resources */ = {isa = PBXBuildFile; fileRef = E7FCA2D61E70FCFC00F02A9F /* CYPhotoBrowserController.xib */; };
		E7FCA3091E70FCFC00F02A9F /* CYPhotoNavigationViewController.m in Sources */ = {isa = PBXBuildFile; fileRef = E7FCA2D81E70FCFC00F02A9F /* CYPhotoNavigationViewController.m */; };
		E7FCA30A1E70FCFC00F02A9F /* CYPhotoCenter.m in Sources */ = {isa = PBXBuildFile; fileRef = E7FCA2DC1E70FCFC00F02A9F /* CYPhotoCenter.m */; };
		E7FCA30B1E70FCFC00F02A9F /* CYPhotoManager.m in Sources */ = {isa = PBXBuildFile; fileRef = E7FCA2DE1E70FCFC00F02A9F /* CYPhotoManager.m */; };
		E7FCA30C1E70FCFC00F02A9F /* CYAblumInfo.m in Sources */ = {isa = PBXBuildFile; fileRef = E7FCA2E11E70FCFC00F02A9F /* CYAblumInfo.m */; };
		E7FCA30D1E70FCFC00F02A9F /* CYBack@2x.png in Resources */ = {isa = PBXBuildFile; fileRef = E7FCA2E31E70FCFC00F02A9F /* CYBack@2x.png */; };
		E7FCA30E1E70FCFC00F02A9F /* CYBack@3x.png in Resources */ = {isa = PBXBuildFile; fileRef = E7FCA2E41E70FCFC00F02A9F /* CYBack@3x.png */; };
		E7FCA30F1E70FCFC00F02A9F /* CYPhoto_circle@2x.png in Resources */ = {isa = PBXBuildFile; fileRef = E7FCA2E51E70FCFC00F02A9F /* CYPhoto_circle@2x.png */; };
		E7FCA3101E70FCFC00F02A9F /* CYPhoto_delete.png in Resources */ = {isa = PBXBuildFile; fileRef = E7FCA2E61E70FCFC00F02A9F /* CYPhoto_delete.png */; };
		E7FCA3111E70FCFD00F02A9F /* CYPhoto_delete@2x.png in Resources */ = {isa = PBXBuildFile; fileRef = E7FCA2E71E70FCFC00F02A9F /* CYPhoto_delete@2x.png */; };
		E7FCA3121E70FCFD00F02A9F /* CYPhoto_selected.png in Resources */ = {isa = PBXBuildFile; fileRef = E7FCA2E81E70FCFC00F02A9F /* CYPhoto_selected.png */; };
		E7FCA3131E70FCFD00F02A9F /* CYPhoto_selected@2x.png in Resources */ = {isa = PBXBuildFile; fileRef = E7FCA2E91E70FCFC00F02A9F /* CYPhoto_selected@2x.png */; };
		E7FCA3141E70FCFD00F02A9F /* CYPhoto_selected@3x.png in Resources */ = {isa = PBXBuildFile; fileRef = E7FCA2EA1E70FCFC00F02A9F /* CYPhoto_selected@3x.png */; };
		E7FCA3151E70FCFD00F02A9F /* CYPhoto_Tanhao.png in Resources */ = {isa = PBXBuildFile; fileRef = E7FCA2EB1E70FCFC00F02A9F /* CYPhoto_Tanhao.png */; };
		E7FCA3161E70FCFD00F02A9F /* CYPhoto_Tanhao@2x.png in Resources */ = {isa = PBXBuildFile; fileRef = E7FCA2EC1E70FCFC00F02A9F /* CYPhoto_Tanhao@2x.png */; };
		E7FCA3171E70FCFD00F02A9F /* CYPhoto_Tanhao@3x.png in Resources */ = {isa = PBXBuildFile; fileRef = E7FCA2ED1E70FCFC00F02A9F /* CYPhoto_Tanhao@3x.png */; };
		E7FCA3181E70FCFD00F02A9F /* CYPhoto_unselected.png in Resources */ = {isa = PBXBuildFile; fileRef = E7FCA2EE1E70FCFC00F02A9F /* CYPhoto_unselected.png */; };
		E7FCA3191E70FCFD00F02A9F /* CYPhoto_unselected@2x.png in Resources */ = {isa = PBXBuildFile; fileRef = E7FCA2EF1E70FCFC00F02A9F /* CYPhoto_unselected@2x.png */; };
		E7FCA31A1E70FCFD00F02A9F /* CYPhoto_unselected@3x.png in Resources */ = {isa = PBXBuildFile; fileRef = E7FCA2F01E70FCFC00F02A9F /* CYPhoto_unselected@3x.png */; };
		E7FCA31B1E70FCFD00F02A9F /* CYPhotoAblumCell.m in Sources */ = {isa = PBXBuildFile; fileRef = E7FCA2F31E70FCFC00F02A9F /* CYPhotoAblumCell.m */; };
		E7FCA31C1E70FCFD00F02A9F /* CYPhotoBottomCollectionViewCell.m in Sources */ = {isa = PBXBuildFile; fileRef = E7FCA2F51E70FCFC00F02A9F /* CYPhotoBottomCollectionViewCell.m */; };
		E7FCA31D1E70FCFD00F02A9F /* CYPhotoBottomCollectionViewCell.xib in Resources */ = {isa = PBXBuildFile; fileRef = E7FCA2F61E70FCFC00F02A9F /* CYPhotoBottomCollectionViewCell.xib */; };
		E7FCA31E1E70FCFD00F02A9F /* CYPhotoBrowserCell.m in Sources */ = {isa = PBXBuildFile; fileRef = E7FCA2F81E70FCFC00F02A9F /* CYPhotoBrowserCell.m */; };
		E7FCA31F1E70FCFD00F02A9F /* CYPhotoBrowserCell.xib in Resources */ = {isa = PBXBuildFile; fileRef = E7FCA2F91E70FCFC00F02A9F /* CYPhotoBrowserCell.xib */; };
		E7FCA3201E70FCFD00F02A9F /* CYPhotoBrowserFooter.m in Sources */ = {isa = PBXBuildFile; fileRef = E7FCA2FB1E70FCFC00F02A9F /* CYPhotoBrowserFooter.m */; };
		E7FCA3211E70FCFD00F02A9F /* CYPhotoBrowserFooter.xib in Resources */ = {isa = PBXBuildFile; fileRef = E7FCA2FC1E70FCFC00F02A9F /* CYPhotoBrowserFooter.xib */; };
		E7FCA3221E70FCFD00F02A9F /* CYPhotoPicker.m in Sources */ = {isa = PBXBuildFile; fileRef = E7FCA2FE1E70FCFC00F02A9F /* CYPhotoPicker.m */; };
/* End PBXBuildFile section */

/* Begin PBXContainerItemProxy section */
		E79864971D17CD020074F8D2 /* PBXContainerItemProxy */ = {
			isa = PBXContainerItemProxy;
			containerPortal = E79864751D17CD020074F8D2 /* Project object */;
			proxyType = 1;
			remoteGlobalIDString = E798647C1D17CD020074F8D2;
			remoteInfo = PhotoLibDemo;
		};
		E79864A21D17CD020074F8D2 /* PBXContainerItemProxy */ = {
			isa = PBXContainerItemProxy;
			containerPortal = E79864751D17CD020074F8D2 /* Project object */;
			proxyType = 1;
			remoteGlobalIDString = E798647C1D17CD020074F8D2;
			remoteInfo = PhotoLibDemo;
		};
/* End PBXContainerItemProxy section */

/* Begin PBXFileReference section */
		E798647D1D17CD020074F8D2 /* PhotoLibDemo.app */ = {isa = PBXFileReference; explicitFileType = wrapper.application; includeInIndex = 0; path = PhotoLibDemo.app; sourceTree = BUILT_PRODUCTS_DIR; };
		E79864811D17CD020074F8D2 /* main.m */ = {isa = PBXFileReference; lastKnownFileType = sourcecode.c.objc; path = main.m; sourceTree = "<group>"; };
		E79864831D17CD020074F8D2 /* AppDelegate.h */ = {isa = PBXFileReference; lastKnownFileType = sourcecode.c.h; path = AppDelegate.h; sourceTree = "<group>"; };
		E79864841D17CD020074F8D2 /* AppDelegate.m */ = {isa = PBXFileReference; lastKnownFileType = sourcecode.c.objc; path = AppDelegate.m; sourceTree = "<group>"; };
		E79864861D17CD020074F8D2 /* ViewController.h */ = {isa = PBXFileReference; lastKnownFileType = sourcecode.c.h; path = ViewController.h; sourceTree = "<group>"; };
		E79864871D17CD020074F8D2 /* ViewController.m */ = {isa = PBXFileReference; lastKnownFileType = sourcecode.c.objc; path = ViewController.m; sourceTree = "<group>"; };
		E798648A1D17CD020074F8D2 /* Base */ = {isa = PBXFileReference; lastKnownFileType = file.storyboard; name = Base; path = Base.lproj/Main.storyboard; sourceTree = "<group>"; };
		E798648C1D17CD020074F8D2 /* Assets.xcassets */ = {isa = PBXFileReference; lastKnownFileType = folder.assetcatalog; path = Assets.xcassets; sourceTree = "<group>"; };
		E798648F1D17CD020074F8D2 /* Base */ = {isa = PBXFileReference; lastKnownFileType = file.storyboard; name = Base; path = Base.lproj/LaunchScreen.storyboard; sourceTree = "<group>"; };
		E79864911D17CD020074F8D2 /* Info.plist */ = {isa = PBXFileReference; lastKnownFileType = text.plist.xml; path = Info.plist; sourceTree = "<group>"; };
		E79864961D17CD020074F8D2 /* PhotoLibDemoTests.xctest */ = {isa = PBXFileReference; explicitFileType = wrapper.cfbundle; includeInIndex = 0; path = PhotoLibDemoTests.xctest; sourceTree = BUILT_PRODUCTS_DIR; };
		E798649A1D17CD020074F8D2 /* PhotoLibDemoTests.m */ = {isa = PBXFileReference; lastKnownFileType = sourcecode.c.objc; path = PhotoLibDemoTests.m; sourceTree = "<group>"; };
		E798649C1D17CD020074F8D2 /* Info.plist */ = {isa = PBXFileReference; lastKnownFileType = text.plist.xml; path = Info.plist; sourceTree = "<group>"; };
		E79864A11D17CD020074F8D2 /* PhotoLibDemoUITests.xctest */ = {isa = PBXFileReference; explicitFileType = wrapper.cfbundle; includeInIndex = 0; path = PhotoLibDemoUITests.xctest; sourceTree = BUILT_PRODUCTS_DIR; };
		E79864A51D17CD020074F8D2 /* PhotoLibDemoUITests.m */ = {isa = PBXFileReference; lastKnownFileType = sourcecode.c.objc; path = PhotoLibDemoUITests.m; sourceTree = "<group>"; };
		E79864A71D17CD020074F8D2 /* Info.plist */ = {isa = PBXFileReference; lastKnownFileType = text.plist.xml; path = Info.plist; sourceTree = "<group>"; };
		E7FCA2BF1E70FCFC00F02A9F /* CYPhotoCommon.h */ = {isa = PBXFileReference; fileEncoding = 4; lastKnownFileType = sourcecode.c.h; path = CYPhotoCommon.h; sourceTree = "<group>"; };
		E7FCA2C01E70FCFC00F02A9F /* CYPhotoLib.h */ = {isa = PBXFileReference; fileEncoding = 4; lastKnownFileType = sourcecode.c.h; path = CYPhotoLib.h; sourceTree = "<group>"; };
		E7FCA2C31E70FCFC00F02A9F /* NSString+CYPHChineseName.h */ = {isa = PBXFileReference; fileEncoding = 4; lastKnownFileType = sourcecode.c.h; path = "NSString+CYPHChineseName.h"; sourceTree = "<group>"; };
		E7FCA2C41E70FCFC00F02A9F /* NSString+CYPHChineseName.m */ = {isa = PBXFileReference; fileEncoding = 4; lastKnownFileType = sourcecode.c.objc; path = "NSString+CYPHChineseName.m"; sourceTree = "<group>"; };
		E7FCA2C51E70FCFC00F02A9F /* UIButton+CYCreate.h */ = {isa = PBXFileReference; fileEncoding = 4; lastKnownFileType = sourcecode.c.h; path = "UIButton+CYCreate.h"; sourceTree = "<group>"; };
		E7FCA2C61E70FCFC00F02A9F /* UIButton+CYCreate.m */ = {isa = PBXFileReference; fileEncoding = 4; lastKnownFileType = sourcecode.c.objc; path = "UIButton+CYCreate.m"; sourceTree = "<group>"; };
		E7FCA2C71E70FCFC00F02A9F /* UIImage+CYCutDown.h */ = {isa = PBXFileReference; fileEncoding = 4; lastKnownFileType = sourcecode.c.h; path = "UIImage+CYCutDown.h"; sourceTree = "<group>"; };
		E7FCA2C81E70FCFC00F02A9F /* UIImage+CYCutDown.m */ = {isa = PBXFileReference; fileEncoding = 4; lastKnownFileType = sourcecode.c.objc; path = "UIImage+CYCutDown.m"; sourceTree = "<group>"; };
		E7FCA2C91E70FCFC00F02A9F /* UIView+CY_1pxLine.h */ = {isa = PBXFileReference; fileEncoding = 4; lastKnownFileType = sourcecode.c.h; path = "UIView+CY_1pxLine.h"; sourceTree = "<group>"; };
		E7FCA2CA1E70FCFC00F02A9F /* UIView+CY_1pxLine.m */ = {isa = PBXFileReference; fileEncoding = 4; lastKnownFileType = sourcecode.c.objc; path = "UIView+CY_1pxLine.m"; sourceTree = "<group>"; };
		E7FCA2CB1E70FCFC00F02A9F /* UIView+CYAnimation.h */ = {isa = PBXFileReference; fileEncoding = 4; lastKnownFileType = sourcecode.c.h; path = "UIView+CYAnimation.h"; sourceTree = "<group>"; };
		E7FCA2CC1E70FCFC00F02A9F /* UIView+CYAnimation.m */ = {isa = PBXFileReference; fileEncoding = 4; lastKnownFileType = sourcecode.c.objc; path = "UIView+CYAnimation.m"; sourceTree = "<group>"; };
		E7FCA2CD1E70FCFC00F02A9F /* UIView+CYRect.h */ = {isa = PBXFileReference; fileEncoding = 4; lastKnownFileType = sourcecode.c.h; path = "UIView+CYRect.h"; sourceTree = "<group>"; };
		E7FCA2CE1E70FCFC00F02A9F /* UIView+CYRect.m */ = {isa = PBXFileReference; fileEncoding = 4; lastKnownFileType = sourcecode.c.objc; path = "UIView+CYRect.m"; sourceTree = "<group>"; };
		E7FCA2D01E70FCFC00F02A9F /* CYPhotoAblumListController.h */ = {isa = PBXFileReference; fileEncoding = 4; lastKnownFileType = sourcecode.c.h; path = CYPhotoAblumListController.h; sourceTree = "<group>"; };
		E7FCA2D11E70FCFC00F02A9F /* CYPhotoAblumListController.m */ = {isa = PBXFileReference; fileEncoding = 4; lastKnownFileType = sourcecode.c.objc; path = CYPhotoAblumListController.m; sourceTree = "<group>"; };
		E7FCA2D21E70FCFC00F02A9F /* CYPhotoBaseController.h */ = {isa = PBXFileReference; fileEncoding = 4; lastKnownFileType = sourcecode.c.h; path = CYPhotoBaseController.h; sourceTree = "<group>"; };
		E7FCA2D31E70FCFC00F02A9F /* CYPhotoBaseController.m */ = {isa = PBXFileReference; fileEncoding = 4; lastKnownFileType = sourcecode.c.objc; path = CYPhotoBaseController.m; sourceTree = "<group>"; };
		E7FCA2D41E70FCFC00F02A9F /* CYPhotoBrowserController.h */ = {isa = PBXFileReference; fileEncoding = 4; lastKnownFileType = sourcecode.c.h; path = CYPhotoBrowserController.h; sourceTree = "<group>"; };
		E7FCA2D51E70FCFC00F02A9F /* CYPhotoBrowserController.m */ = {isa = PBXFileReference; fileEncoding = 4; lastKnownFileType = sourcecode.c.objc; path = CYPhotoBrowserController.m; sourceTree = "<group>"; };
		E7FCA2D61E70FCFC00F02A9F /* CYPhotoBrowserController.xib */ = {isa = PBXFileReference; fileEncoding = 4; lastKnownFileType = file.xib; path = CYPhotoBrowserController.xib; sourceTree = "<group>"; };
		E7FCA2D71E70FCFC00F02A9F /* CYPhotoNavigationViewController.h */ = {isa = PBXFileReference; fileEncoding = 4; lastKnownFileType = sourcecode.c.h; path = CYPhotoNavigationViewController.h; sourceTree = "<group>"; };
		E7FCA2D81E70FCFC00F02A9F /* CYPhotoNavigationViewController.m */ = {isa = PBXFileReference; fileEncoding = 4; lastKnownFileType = sourcecode.c.objc; path = CYPhotoNavigationViewController.m; sourceTree = "<group>"; };
		E7FCA2D91E70FCFC00F02A9F /* CYPhotoHeader.h */ = {isa = PBXFileReference; fileEncoding = 4; lastKnownFileType = sourcecode.c.h; path = CYPhotoHeader.h; sourceTree = "<group>"; };
		E7FCA2DB1E70FCFC00F02A9F /* CYPhotoCenter.h */ = {isa = PBXFileReference; fileEncoding = 4; lastKnownFileType = sourcecode.c.h; path = CYPhotoCenter.h; sourceTree = "<group>"; };
		E7FCA2DC1E70FCFC00F02A9F /* CYPhotoCenter.m */ = {isa = PBXFileReference; fileEncoding = 4; lastKnownFileType = sourcecode.c.objc; path = CYPhotoCenter.m; sourceTree = "<group>"; };
		E7FCA2DD1E70FCFC00F02A9F /* CYPhotoManager.h */ = {isa = PBXFileReference; fileEncoding = 4; lastKnownFileType = sourcecode.c.h; path = CYPhotoManager.h; sourceTree = "<group>"; };
		E7FCA2DE1E70FCFC00F02A9F /* CYPhotoManager.m */ = {isa = PBXFileReference; fileEncoding = 4; lastKnownFileType = sourcecode.c.objc; path = CYPhotoManager.m; sourceTree = "<group>"; };
		E7FCA2E01E70FCFC00F02A9F /* CYAblumInfo.h */ = {isa = PBXFileReference; fileEncoding = 4; lastKnownFileType = sourcecode.c.h; path = CYAblumInfo.h; sourceTree = "<group>"; };
		E7FCA2E11E70FCFC00F02A9F /* CYAblumInfo.m */ = {isa = PBXFileReference; fileEncoding = 4; lastKnownFileType = sourcecode.c.objc; path = CYAblumInfo.m; sourceTree = "<group>"; };
		E7FCA2E31E70FCFC00F02A9F /* CYBack@2x.png */ = {isa = PBXFileReference; lastKnownFileType = image.png; path = "CYBack@2x.png"; sourceTree = "<group>"; };
		E7FCA2E41E70FCFC00F02A9F /* CYBack@3x.png */ = {isa = PBXFileReference; lastKnownFileType = image.png; path = "CYBack@3x.png"; sourceTree = "<group>"; };
		E7FCA2E51E70FCFC00F02A9F /* CYPhoto_circle@2x.png */ = {isa = PBXFileReference; lastKnownFileType = image.png; path = "CYPhoto_circle@2x.png"; sourceTree = "<group>"; };
		E7FCA2E61E70FCFC00F02A9F /* CYPhoto_delete.png */ = {isa = PBXFileReference; lastKnownFileType = image.png; path = CYPhoto_delete.png; sourceTree = "<group>"; };
		E7FCA2E71E70FCFC00F02A9F /* CYPhoto_delete@2x.png */ = {isa = PBXFileReference; lastKnownFileType = image.png; path = "CYPhoto_delete@2x.png"; sourceTree = "<group>"; };
		E7FCA2E81E70FCFC00F02A9F /* CYPhoto_selected.png */ = {isa = PBXFileReference; lastKnownFileType = image.png; path = CYPhoto_selected.png; sourceTree = "<group>"; };
		E7FCA2E91E70FCFC00F02A9F /* CYPhoto_selected@2x.png */ = {isa = PBXFileReference; lastKnownFileType = image.png; path = "CYPhoto_selected@2x.png"; sourceTree = "<group>"; };
		E7FCA2EA1E70FCFC00F02A9F /* CYPhoto_selected@3x.png */ = {isa = PBXFileReference; lastKnownFileType = image.png; path = "CYPhoto_selected@3x.png"; sourceTree = "<group>"; };
		E7FCA2EB1E70FCFC00F02A9F /* CYPhoto_Tanhao.png */ = {isa = PBXFileReference; lastKnownFileType = image.png; path = CYPhoto_Tanhao.png; sourceTree = "<group>"; };
		E7FCA2EC1E70FCFC00F02A9F /* CYPhoto_Tanhao@2x.png */ = {isa = PBXFileReference; lastKnownFileType = image.png; path = "CYPhoto_Tanhao@2x.png"; sourceTree = "<group>"; };
		E7FCA2ED1E70FCFC00F02A9F /* CYPhoto_Tanhao@3x.png */ = {isa = PBXFileReference; lastKnownFileType = image.png; path = "CYPhoto_Tanhao@3x.png"; sourceTree = "<group>"; };
		E7FCA2EE1E70FCFC00F02A9F /* CYPhoto_unselected.png */ = {isa = PBXFileReference; lastKnownFileType = image.png; path = CYPhoto_unselected.png; sourceTree = "<group>"; };
		E7FCA2EF1E70FCFC00F02A9F /* CYPhoto_unselected@2x.png */ = {isa = PBXFileReference; lastKnownFileType = image.png; path = "CYPhoto_unselected@2x.png"; sourceTree = "<group>"; };
		E7FCA2F01E70FCFC00F02A9F /* CYPhoto_unselected@3x.png */ = {isa = PBXFileReference; lastKnownFileType = image.png; path = "CYPhoto_unselected@3x.png"; sourceTree = "<group>"; };
		E7FCA2F21E70FCFC00F02A9F /* CYPhotoAblumCell.h */ = {isa = PBXFileReference; fileEncoding = 4; lastKnownFileType = sourcecode.c.h; path = CYPhotoAblumCell.h; sourceTree = "<group>"; };
		E7FCA2F31E70FCFC00F02A9F /* CYPhotoAblumCell.m */ = {isa = PBXFileReference; fileEncoding = 4; lastKnownFileType = sourcecode.c.objc; path = CYPhotoAblumCell.m; sourceTree = "<group>"; };
		E7FCA2F41E70FCFC00F02A9F /* CYPhotoBottomCollectionViewCell.h */ = {isa = PBXFileReference; fileEncoding = 4; lastKnownFileType = sourcecode.c.h; path = CYPhotoBottomCollectionViewCell.h; sourceTree = "<group>"; };
		E7FCA2F51E70FCFC00F02A9F /* CYPhotoBottomCollectionViewCell.m */ = {isa = PBXFileReference; fileEncoding = 4; lastKnownFileType = sourcecode.c.objc; path = CYPhotoBottomCollectionViewCell.m; sourceTree = "<group>"; };
		E7FCA2F61E70FCFC00F02A9F /* CYPhotoBottomCollectionViewCell.xib */ = {isa = PBXFileReference; fileEncoding = 4; lastKnownFileType = file.xib; path = CYPhotoBottomCollectionViewCell.xib; sourceTree = "<group>"; };
		E7FCA2F71E70FCFC00F02A9F /* CYPhotoBrowserCell.h */ = {isa = PBXFileReference; fileEncoding = 4; lastKnownFileType = sourcecode.c.h; path = CYPhotoBrowserCell.h; sourceTree = "<group>"; };
		E7FCA2F81E70FCFC00F02A9F /* CYPhotoBrowserCell.m */ = {isa = PBXFileReference; fileEncoding = 4; lastKnownFileType = sourcecode.c.objc; path = CYPhotoBrowserCell.m; sourceTree = "<group>"; };
		E7FCA2F91E70FCFC00F02A9F /* CYPhotoBrowserCell.xib */ = {isa = PBXFileReference; fileEncoding = 4; lastKnownFileType = file.xib; path = CYPhotoBrowserCell.xib; sourceTree = "<group>"; };
		E7FCA2FA1E70FCFC00F02A9F /* CYPhotoBrowserFooter.h */ = {isa = PBXFileReference; fileEncoding = 4; lastKnownFileType = sourcecode.c.h; path = CYPhotoBrowserFooter.h; sourceTree = "<group>"; };
		E7FCA2FB1E70FCFC00F02A9F /* CYPhotoBrowserFooter.m */ = {isa = PBXFileReference; fileEncoding = 4; lastKnownFileType = sourcecode.c.objc; path = CYPhotoBrowserFooter.m; sourceTree = "<group>"; };
		E7FCA2FC1E70FCFC00F02A9F /* CYPhotoBrowserFooter.xib */ = {isa = PBXFileReference; fileEncoding = 4; lastKnownFileType = file.xib; path = CYPhotoBrowserFooter.xib; sourceTree = "<group>"; };
		E7FCA2FD1E70FCFC00F02A9F /* CYPhotoPicker.h */ = {isa = PBXFileReference; fileEncoding = 4; lastKnownFileType = sourcecode.c.h; path = CYPhotoPicker.h; sourceTree = "<group>"; };
		E7FCA2FE1E70FCFC00F02A9F /* CYPhotoPicker.m */ = {isa = PBXFileReference; fileEncoding = 4; lastKnownFileType = sourcecode.c.objc; path = CYPhotoPicker.m; sourceTree = "<group>"; };
/* End PBXFileReference section */

/* Begin PBXFrameworksBuildPhase section */
		E798647A1D17CD020074F8D2 /* Frameworks */ = {
			isa = PBXFrameworksBuildPhase;
			buildActionMask = 2147483647;
			files = (
			);
			runOnlyForDeploymentPostprocessing = 0;
		};
		E79864931D17CD020074F8D2 /* Frameworks */ = {
			isa = PBXFrameworksBuildPhase;
			buildActionMask = 2147483647;
			files = (
			);
			runOnlyForDeploymentPostprocessing = 0;
		};
		E798649E1D17CD020074F8D2 /* Frameworks */ = {
			isa = PBXFrameworksBuildPhase;
			buildActionMask = 2147483647;
			files = (
			);
			runOnlyForDeploymentPostprocessing = 0;
		};
/* End PBXFrameworksBuildPhase section */

/* Begin PBXGroup section */
		E79864741D17CD020074F8D2 = {
			isa = PBXGroup;
			children = (
				E798647F1D17CD020074F8D2 /* PhotoLibDemo */,
				E79864991D17CD020074F8D2 /* PhotoLibDemoTests */,
				E79864A41D17CD020074F8D2 /* PhotoLibDemoUITests */,
				E798647E1D17CD020074F8D2 /* Products */,
			);
			sourceTree = "<group>";
		};
		E798647E1D17CD020074F8D2 /* Products */ = {
			isa = PBXGroup;
			children = (
				E798647D1D17CD020074F8D2 /* PhotoLibDemo.app */,
				E79864961D17CD020074F8D2 /* PhotoLibDemoTests.xctest */,
				E79864A11D17CD020074F8D2 /* PhotoLibDemoUITests.xctest */,
			);
			name = Products;
			sourceTree = "<group>";
		};
		E798647F1D17CD020074F8D2 /* PhotoLibDemo */ = {
			isa = PBXGroup;
			children = (
				E7FCA2BE1E70FCFC00F02A9F /* CYPhotoLib */,
				E79864831D17CD020074F8D2 /* AppDelegate.h */,
				E79864841D17CD020074F8D2 /* AppDelegate.m */,
				E79864861D17CD020074F8D2 /* ViewController.h */,
				E79864871D17CD020074F8D2 /* ViewController.m */,
				E79864891D17CD020074F8D2 /* Main.storyboard */,
				E798648C1D17CD020074F8D2 /* Assets.xcassets */,
				E798648E1D17CD020074F8D2 /* LaunchScreen.storyboard */,
				E79864911D17CD020074F8D2 /* Info.plist */,
				E79864801D17CD020074F8D2 /* Supporting Files */,
			);
			path = PhotoLibDemo;
			sourceTree = "<group>";
		};
		E79864801D17CD020074F8D2 /* Supporting Files */ = {
			isa = PBXGroup;
			children = (
				E79864811D17CD020074F8D2 /* main.m */,
			);
			name = "Supporting Files";
			sourceTree = "<group>";
		};
		E79864991D17CD020074F8D2 /* PhotoLibDemoTests */ = {
			isa = PBXGroup;
			children = (
				E798649A1D17CD020074F8D2 /* PhotoLibDemoTests.m */,
				E798649C1D17CD020074F8D2 /* Info.plist */,
			);
			path = PhotoLibDemoTests;
			sourceTree = "<group>";
		};
		E79864A41D17CD020074F8D2 /* PhotoLibDemoUITests */ = {
			isa = PBXGroup;
			children = (
				E79864A51D17CD020074F8D2 /* PhotoLibDemoUITests.m */,
				E79864A71D17CD020074F8D2 /* Info.plist */,
			);
			path = PhotoLibDemoUITests;
			sourceTree = "<group>";
		};
		E7FCA2BE1E70FCFC00F02A9F /* CYPhotoLib */ = {
			isa = PBXGroup;
			children = (
				E7FCA2BF1E70FCFC00F02A9F /* CYPhotoCommon.h */,
				E7FCA2C01E70FCFC00F02A9F /* CYPhotoLib.h */,
				E7FCA2FD1E70FCFC00F02A9F /* CYPhotoPicker.h */,
				E7FCA2FE1E70FCFC00F02A9F /* CYPhotoPicker.m */,
				E7FCA2C11E70FCFC00F02A9F /* CYPhotoPicker */,
			);
			path = CYPhotoLib;
			sourceTree = "<group>";
		};
		E7FCA2C11E70FCFC00F02A9F /* CYPhotoPicker */ = {
			isa = PBXGroup;
			children = (
				E7FCA2D91E70FCFC00F02A9F /* CYPhotoHeader.h */,
				E7FCA2C21E70FCFC00F02A9F /* Category */,
				E7FCA2DA1E70FCFC00F02A9F /* Manager */,
				E7FCA2CF1E70FCFC00F02A9F /* Controller */,
				E7FCA2DF1E70FCFC00F02A9F /* Model */,
				E7FCA2F11E70FCFC00F02A9F /* View */,
				E7FCA2E21E70FCFC00F02A9F /* Resource */,
			);
			path = CYPhotoPicker;
			sourceTree = "<group>";
		};
		E7FCA2C21E70FCFC00F02A9F /* Category */ = {
			isa = PBXGroup;
			children = (
				E7FCA2C31E70FCFC00F02A9F /* NSString+CYPHChineseName.h */,
				E7FCA2C41E70FCFC00F02A9F /* NSString+CYPHChineseName.m */,
				E7FCA2C51E70FCFC00F02A9F /* UIButton+CYCreate.h */,
				E7FCA2C61E70FCFC00F02A9F /* UIButton+CYCreate.m */,
				E7FCA2C71E70FCFC00F02A9F /* UIImage+CYCutDown.h */,
				E7FCA2C81E70FCFC00F02A9F /* UIImage+CYCutDown.m */,
				E7FCA2C91E70FCFC00F02A9F /* UIView+CY_1pxLine.h */,
				E7FCA2CA1E70FCFC00F02A9F /* UIView+CY_1pxLine.m */,
				E7FCA2CB1E70FCFC00F02A9F /* UIView+CYAnimation.h */,
				E7FCA2CC1E70FCFC00F02A9F /* UIView+CYAnimation.m */,
				E7FCA2CD1E70FCFC00F02A9F /* UIView+CYRect.h */,
				E7FCA2CE1E70FCFC00F02A9F /* UIView+CYRect.m */,
			);
			path = Category;
			sourceTree = "<group>";
		};
		E7FCA2CF1E70FCFC00F02A9F /* Controller */ = {
			isa = PBXGroup;
			children = (
				E7FCA2D01E70FCFC00F02A9F /* CYPhotoAblumListController.h */,
				E7FCA2D11E70FCFC00F02A9F /* CYPhotoAblumListController.m */,
				E7FCA2D21E70FCFC00F02A9F /* CYPhotoBaseController.h */,
				E7FCA2D31E70FCFC00F02A9F /* CYPhotoBaseController.m */,
				E7FCA2D41E70FCFC00F02A9F /* CYPhotoBrowserController.h */,
				E7FCA2D51E70FCFC00F02A9F /* CYPhotoBrowserController.m */,
				E7FCA2D61E70FCFC00F02A9F /* CYPhotoBrowserController.xib */,
				E7FCA2D71E70FCFC00F02A9F /* CYPhotoNavigationViewController.h */,
				E7FCA2D81E70FCFC00F02A9F /* CYPhotoNavigationViewController.m */,
			);
			path = Controller;
			sourceTree = "<group>";
		};
		E7FCA2DA1E70FCFC00F02A9F /* Manager */ = {
			isa = PBXGroup;
			children = (
				E7FCA2DD1E70FCFC00F02A9F /* CYPhotoManager.h */,
				E7FCA2DE1E70FCFC00F02A9F /* CYPhotoManager.m */,
				E7FCA2DB1E70FCFC00F02A9F /* CYPhotoCenter.h */,
				E7FCA2DC1E70FCFC00F02A9F /* CYPhotoCenter.m */,
			);
			path = Manager;
			sourceTree = "<group>";
		};
		E7FCA2DF1E70FCFC00F02A9F /* Model */ = {
			isa = PBXGroup;
			children = (
				E7FCA2E01E70FCFC00F02A9F /* CYAblumInfo.h */,
				E7FCA2E11E70FCFC00F02A9F /* CYAblumInfo.m */,
			);
			path = Model;
			sourceTree = "<group>";
		};
		E7FCA2E21E70FCFC00F02A9F /* Resource */ = {
			isa = PBXGroup;
			children = (
				E7FCA2E31E70FCFC00F02A9F /* CYBack@2x.png */,
				E7FCA2E41E70FCFC00F02A9F /* CYBack@3x.png */,
				E7FCA2E51E70FCFC00F02A9F /* CYPhoto_circle@2x.png */,
				E7FCA2E61E70FCFC00F02A9F /* CYPhoto_delete.png */,
				E7FCA2E71E70FCFC00F02A9F /* CYPhoto_delete@2x.png */,
				E7FCA2E81E70FCFC00F02A9F /* CYPhoto_selected.png */,
				E7FCA2E91E70FCFC00F02A9F /* CYPhoto_selected@2x.png */,
				E7FCA2EA1E70FCFC00F02A9F /* CYPhoto_selected@3x.png */,
				E7FCA2EB1E70FCFC00F02A9F /* CYPhoto_Tanhao.png */,
				E7FCA2EC1E70FCFC00F02A9F /* CYPhoto_Tanhao@2x.png */,
				E7FCA2ED1E70FCFC00F02A9F /* CYPhoto_Tanhao@3x.png */,
				E7FCA2EE1E70FCFC00F02A9F /* CYPhoto_unselected.png */,
				E7FCA2EF1E70FCFC00F02A9F /* CYPhoto_unselected@2x.png */,
				E7FCA2F01E70FCFC00F02A9F /* CYPhoto_unselected@3x.png */,
			);
			path = Resource;
			sourceTree = "<group>";
		};
		E7FCA2F11E70FCFC00F02A9F /* View */ = {
			isa = PBXGroup;
			children = (
				E7FCA2F21E70FCFC00F02A9F /* CYPhotoAblumCell.h */,
				E7FCA2F31E70FCFC00F02A9F /* CYPhotoAblumCell.m */,
				E7FCA2F41E70FCFC00F02A9F /* CYPhotoBottomCollectionViewCell.h */,
				E7FCA2F51E70FCFC00F02A9F /* CYPhotoBottomCollectionViewCell.m */,
				E7FCA2F61E70FCFC00F02A9F /* CYPhotoBottomCollectionViewCell.xib */,
				E7FCA2F71E70FCFC00F02A9F /* CYPhotoBrowserCell.h */,
				E7FCA2F81E70FCFC00F02A9F /* CYPhotoBrowserCell.m */,
				E7FCA2F91E70FCFC00F02A9F /* CYPhotoBrowserCell.xib */,
				E7FCA2FA1E70FCFC00F02A9F /* CYPhotoBrowserFooter.h */,
				E7FCA2FB1E70FCFC00F02A9F /* CYPhotoBrowserFooter.m */,
				E7FCA2FC1E70FCFC00F02A9F /* CYPhotoBrowserFooter.xib */,
			);
			path = View;
			sourceTree = "<group>";
		};
/* End PBXGroup section */

/* Begin PBXNativeTarget section */
		E798647C1D17CD020074F8D2 /* PhotoLibDemo */ = {
			isa = PBXNativeTarget;
			buildConfigurationList = E79864AA1D17CD020074F8D2 /* Build configuration list for PBXNativeTarget "PhotoLibDemo" */;
			buildPhases = (
				E79864791D17CD020074F8D2 /* Sources */,
				E798647A1D17CD020074F8D2 /* Frameworks */,
				E798647B1D17CD020074F8D2 /* Resources */,
			);
			buildRules = (
			);
			dependencies = (
			);
			name = PhotoLibDemo;
			productName = PhotoLibDemo;
			productReference = E798647D1D17CD020074F8D2 /* PhotoLibDemo.app */;
			productType = "com.apple.product-type.application";
		};
		E79864951D17CD020074F8D2 /* PhotoLibDemoTests */ = {
			isa = PBXNativeTarget;
			buildConfigurationList = E79864AD1D17CD020074F8D2 /* Build configuration list for PBXNativeTarget "PhotoLibDemoTests" */;
			buildPhases = (
				E79864921D17CD020074F8D2 /* Sources */,
				E79864931D17CD020074F8D2 /* Frameworks */,
				E79864941D17CD020074F8D2 /* Resources */,
			);
			buildRules = (
			);
			dependencies = (
				E79864981D17CD020074F8D2 /* PBXTargetDependency */,
			);
			name = PhotoLibDemoTests;
			productName = PhotoLibDemoTests;
			productReference = E79864961D17CD020074F8D2 /* PhotoLibDemoTests.xctest */;
			productType = "com.apple.product-type.bundle.unit-test";
		};
		E79864A01D17CD020074F8D2 /* PhotoLibDemoUITests */ = {
			isa = PBXNativeTarget;
			buildConfigurationList = E79864B01D17CD020074F8D2 /* Build configuration list for PBXNativeTarget "PhotoLibDemoUITests" */;
			buildPhases = (
				E798649D1D17CD020074F8D2 /* Sources */,
				E798649E1D17CD020074F8D2 /* Frameworks */,
				E798649F1D17CD020074F8D2 /* Resources */,
			);
			buildRules = (
			);
			dependencies = (
				E79864A31D17CD020074F8D2 /* PBXTargetDependency */,
			);
			name = PhotoLibDemoUITests;
			productName = PhotoLibDemoUITests;
			productReference = E79864A11D17CD020074F8D2 /* PhotoLibDemoUITests.xctest */;
			productType = "com.apple.product-type.bundle.ui-testing";
		};
/* End PBXNativeTarget section */

/* Begin PBXProject section */
		E79864751D17CD020074F8D2 /* Project object */ = {
			isa = PBXProject;
			attributes = {
				LastUpgradeCheck = 0800;
				ORGANIZATIONNAME = Cyrill;
				TargetAttributes = {
					E798647C1D17CD020074F8D2 = {
						CreatedOnToolsVersion = 7.3.1;
						DevelopmentTeam = 7ENE4DHQ7N;
					};
					E79864951D17CD020074F8D2 = {
						CreatedOnToolsVersion = 7.3.1;
						TestTargetID = E798647C1D17CD020074F8D2;
					};
					E79864A01D17CD020074F8D2 = {
						CreatedOnToolsVersion = 7.3.1;
						TestTargetID = E798647C1D17CD020074F8D2;
					};
				};
			};
			buildConfigurationList = E79864781D17CD020074F8D2 /* Build configuration list for PBXProject "PhotoLibDemo" */;
			compatibilityVersion = "Xcode 3.2";
			developmentRegion = English;
			hasScannedForEncodings = 0;
			knownRegions = (
				en,
				Base,
			);
			mainGroup = E79864741D17CD020074F8D2;
			productRefGroup = E798647E1D17CD020074F8D2 /* Products */;
			projectDirPath = "";
			projectRoot = "";
			targets = (
				E798647C1D17CD020074F8D2 /* PhotoLibDemo */,
				E79864951D17CD020074F8D2 /* PhotoLibDemoTests */,
				E79864A01D17CD020074F8D2 /* PhotoLibDemoUITests */,
			);
		};
/* End PBXProject section */

/* Begin PBXResourcesBuildPhase section */
		E798647B1D17CD020074F8D2 /* Resources */ = {
			isa = PBXResourcesBuildPhase;
			buildActionMask = 2147483647;
			files = (
				E7FCA30E1E70FCFC00F02A9F /* CYBack@3x.png in Resources */,
				E7FCA31F1E70FCFD00F02A9F /* CYPhotoBrowserCell.xib in Resources */,
				E7FCA31D1E70FCFD00F02A9F /* CYPhotoBottomCollectionViewCell.xib in Resources */,
				E7FCA30D1E70FCFC00F02A9F /* CYBack@2x.png in Resources */,
				E79864901D17CD020074F8D2 /* LaunchScreen.storyboard in Resources */,
				E7FCA30F1E70FCFC00F02A9F /* CYPhoto_circle@2x.png in Resources */,
				E7FCA3151E70FCFD00F02A9F /* CYPhoto_Tanhao.png in Resources */,
				E7FCA3131E70FCFD00F02A9F /* CYPhoto_selected@2x.png in Resources */,
				E7FCA3161E70FCFD00F02A9F /* CYPhoto_Tanhao@2x.png in Resources */,
				E7FCA3111E70FCFD00F02A9F /* CYPhoto_delete@2x.png in Resources */,
				E798648D1D17CD020074F8D2 /* Assets.xcassets in Resources */,
				E7FCA3141E70FCFD00F02A9F /* CYPhoto_selected@3x.png in Resources */,
				E7FCA3211E70FCFD00F02A9F /* CYPhotoBrowserFooter.xib in Resources */,
				E7FCA31A1E70FCFD00F02A9F /* CYPhoto_unselected@3x.png in Resources */,
				E7FCA3181E70FCFD00F02A9F /* CYPhoto_unselected.png in Resources */,
				E7FCA3101E70FCFC00F02A9F /* CYPhoto_delete.png in Resources */,
				E7FCA3121E70FCFD00F02A9F /* CYPhoto_selected.png in Resources */,
				E7FCA3191E70FCFD00F02A9F /* CYPhoto_unselected@2x.png in Resources */,
				E7FCA3171E70FCFD00F02A9F /* CYPhoto_Tanhao@3x.png in Resources */,
				E798648B1D17CD020074F8D2 /* Main.storyboard in Resources */,
				E7FCA3081E70FCFC00F02A9F /* CYPhotoBrowserController.xib in Resources */,
			);
			runOnlyForDeploymentPostprocessing = 0;
		};
		E79864941D17CD020074F8D2 /* Resources */ = {
			isa = PBXResourcesBuildPhase;
			buildActionMask = 2147483647;
			files = (
			);
			runOnlyForDeploymentPostprocessing = 0;
		};
		E798649F1D17CD020074F8D2 /* Resources */ = {
			isa = PBXResourcesBuildPhase;
			buildActionMask = 2147483647;
			files = (
			);
			runOnlyForDeploymentPostprocessing = 0;
		};
/* End PBXResourcesBuildPhase section */

/* Begin PBXSourcesBuildPhase section */
		E79864791D17CD020074F8D2 /* Sources */ = {
			isa = PBXSourcesBuildPhase;
			buildActionMask = 2147483647;
			files = (
				E7FCA3221E70FCFD00F02A9F /* CYPhotoPicker.m in Sources */,
				E7FCA3051E70FCFC00F02A9F /* CYPhotoAblumListController.m in Sources */,
				E7FCA30C1E70FCFC00F02A9F /* CYAblumInfo.m in Sources */,
				E7FCA3001E70FCFC00F02A9F /* UIButton+CYCreate.m in Sources */,
				E7FCA3061E70FCFC00F02A9F /* CYPhotoBaseController.m in Sources */,
				E7FCA3071E70FCFC00F02A9F /* CYPhotoBrowserController.m in Sources */,
				E7FCA30B1E70FCFC00F02A9F /* CYPhotoManager.m in Sources */,
				E7FCA31E1E70FCFD00F02A9F /* CYPhotoBrowserCell.m in Sources */,
				E7FCA2FF1E70FCFC00F02A9F /* NSString+CYPHChineseName.m in Sources */,
				E79864881D17CD020074F8D2 /* ViewController.m in Sources */,
				E7FCA3021E70FCFC00F02A9F /* UIView+CY_1pxLine.m in Sources */,
				E79864851D17CD020074F8D2 /* AppDelegate.m in Sources */,
				E7FCA3011E70FCFC00F02A9F /* UIImage+CYCutDown.m in Sources */,
				E7FCA31B1E70FCFD00F02A9F /* CYPhotoAblumCell.m in Sources */,
				E7FCA30A1E70FCFC00F02A9F /* CYPhotoCenter.m in Sources */,
				E7FCA3091E70FCFC00F02A9F /* CYPhotoNavigationViewController.m in Sources */,
				E7FCA3041E70FCFC00F02A9F /* UIView+CYRect.m in Sources */,
				E79864821D17CD020074F8D2 /* main.m in Sources */,
				E7FCA31C1E70FCFD00F02A9F /* CYPhotoBottomCollectionViewCell.m in Sources */,
				E7FCA3201E70FCFD00F02A9F /* CYPhotoBrowserFooter.m in Sources */,
				E7FCA3031E70FCFC00F02A9F /* UIView+CYAnimation.m in Sources */,
			);
			runOnlyForDeploymentPostprocessing = 0;
		};
		E79864921D17CD020074F8D2 /* Sources */ = {
			isa = PBXSourcesBuildPhase;
			buildActionMask = 2147483647;
			files = (
				E798649B1D17CD020074F8D2 /* PhotoLibDemoTests.m in Sources */,
			);
			runOnlyForDeploymentPostprocessing = 0;
		};
		E798649D1D17CD020074F8D2 /* Sources */ = {
			isa = PBXSourcesBuildPhase;
			buildActionMask = 2147483647;
			files = (
				E79864A61D17CD020074F8D2 /* PhotoLibDemoUITests.m in Sources */,
			);
			runOnlyForDeploymentPostprocessing = 0;
		};
/* End PBXSourcesBuildPhase section */

/* Begin PBXTargetDependency section */
		E79864981D17CD020074F8D2 /* PBXTargetDependency */ = {
			isa = PBXTargetDependency;
			target = E798647C1D17CD020074F8D2 /* PhotoLibDemo */;
			targetProxy = E79864971D17CD020074F8D2 /* PBXContainerItemProxy */;
		};
		E79864A31D17CD020074F8D2 /* PBXTargetDependency */ = {
			isa = PBXTargetDependency;
			target = E798647C1D17CD020074F8D2 /* PhotoLibDemo */;
			targetProxy = E79864A21D17CD020074F8D2 /* PBXContainerItemProxy */;
		};
/* End PBXTargetDependency section */

/* Begin PBXVariantGroup section */
		E79864891D17CD020074F8D2 /* Main.storyboard */ = {
			isa = PBXVariantGroup;
			children = (
				E798648A1D17CD020074F8D2 /* Base */,
			);
			name = Main.storyboard;
			sourceTree = "<group>";
		};
		E798648E1D17CD020074F8D2 /* LaunchScreen.storyboard */ = {
			isa = PBXVariantGroup;
			children = (
				E798648F1D17CD020074F8D2 /* Base */,
			);
			name = LaunchScreen.storyboard;
			sourceTree = "<group>";
		};
/* End PBXVariantGroup section */

/* Begin XCBuildConfiguration section */
		E79864A81D17CD020074F8D2 /* Debug */ = {
			isa = XCBuildConfiguration;
			buildSettings = {
				ALWAYS_SEARCH_USER_PATHS = NO;
				CLANG_ANALYZER_NONNULL = YES;
				CLANG_CXX_LANGUAGE_STANDARD = "gnu++0x";
				CLANG_CXX_LIBRARY = "libc++";
				CLANG_ENABLE_MODULES = YES;
				CLANG_ENABLE_OBJC_ARC = YES;
				CLANG_WARN_BOOL_CONVERSION = YES;
				CLANG_WARN_CONSTANT_CONVERSION = YES;
				CLANG_WARN_DIRECT_OBJC_ISA_USAGE = YES_ERROR;
				CLANG_WARN_EMPTY_BODY = YES;
				CLANG_WARN_ENUM_CONVERSION = YES;
				CLANG_WARN_INFINITE_RECURSION = YES;
				CLANG_WARN_INT_CONVERSION = YES;
				CLANG_WARN_OBJC_ROOT_CLASS = YES_ERROR;
				CLANG_WARN_SUSPICIOUS_MOVE = YES;
				CLANG_WARN_UNREACHABLE_CODE = YES;
				CLANG_WARN__DUPLICATE_METHOD_MATCH = YES;
				"CODE_SIGN_IDENTITY[sdk=iphoneos*]" = "iPhone Developer";
				COPY_PHASE_STRIP = NO;
				DEBUG_INFORMATION_FORMAT = dwarf;
				ENABLE_STRICT_OBJC_MSGSEND = YES;
				ENABLE_TESTABILITY = YES;
				GCC_C_LANGUAGE_STANDARD = gnu99;
				GCC_DYNAMIC_NO_PIC = NO;
				GCC_NO_COMMON_BLOCKS = YES;
				GCC_OPTIMIZATION_LEVEL = 0;
				GCC_PREPROCESSOR_DEFINITIONS = (
					"DEBUG=1",
					"$(inherited)",
				);
				GCC_WARN_64_TO_32_BIT_CONVERSION = YES;
				GCC_WARN_ABOUT_RETURN_TYPE = YES_ERROR;
				GCC_WARN_UNDECLARED_SELECTOR = YES;
				GCC_WARN_UNINITIALIZED_AUTOS = YES_AGGRESSIVE;
				GCC_WARN_UNUSED_FUNCTION = YES;
				GCC_WARN_UNUSED_VARIABLE = YES;
				IPHONEOS_DEPLOYMENT_TARGET = 9.3;
				MTL_ENABLE_DEBUG_INFO = YES;
				ONLY_ACTIVE_ARCH = YES;
				SDKROOT = iphoneos;
			};
			name = Debug;
		};
		E79864A91D17CD020074F8D2 /* Release */ = {
			isa = XCBuildConfiguration;
			buildSettings = {
				ALWAYS_SEARCH_USER_PATHS = NO;
				CLANG_ANALYZER_NONNULL = YES;
				CLANG_CXX_LANGUAGE_STANDARD = "gnu++0x";
				CLANG_CXX_LIBRARY = "libc++";
				CLANG_ENABLE_MODULES = YES;
				CLANG_ENABLE_OBJC_ARC = YES;
				CLANG_WARN_BOOL_CONVERSION = YES;
				CLANG_WARN_CONSTANT_CONVERSION = YES;
				CLANG_WARN_DIRECT_OBJC_ISA_USAGE = YES_ERROR;
				CLANG_WARN_EMPTY_BODY = YES;
				CLANG_WARN_ENUM_CONVERSION = YES;
				CLANG_WARN_INFINITE_RECURSION = YES;
				CLANG_WARN_INT_CONVERSION = YES;
				CLANG_WARN_OBJC_ROOT_CLASS = YES_ERROR;
				CLANG_WARN_SUSPICIOUS_MOVE = YES;
				CLANG_WARN_UNREACHABLE_CODE = YES;
				CLANG_WARN__DUPLICATE_METHOD_MATCH = YES;
				"CODE_SIGN_IDENTITY[sdk=iphoneos*]" = "iPhone Developer";
				COPY_PHASE_STRIP = NO;
				DEBUG_INFORMATION_FORMAT = "dwarf-with-dsym";
				ENABLE_NS_ASSERTIONS = NO;
				ENABLE_STRICT_OBJC_MSGSEND = YES;
				GCC_C_LANGUAGE_STANDARD = gnu99;
				GCC_NO_COMMON_BLOCKS = YES;
				GCC_WARN_64_TO_32_BIT_CONVERSION = YES;
				GCC_WARN_ABOUT_RETURN_TYPE = YES_ERROR;
				GCC_WARN_UNDECLARED_SELECTOR = YES;
				GCC_WARN_UNINITIALIZED_AUTOS = YES_AGGRESSIVE;
				GCC_WARN_UNUSED_FUNCTION = YES;
				GCC_WARN_UNUSED_VARIABLE = YES;
				IPHONEOS_DEPLOYMENT_TARGET = 9.3;
				MTL_ENABLE_DEBUG_INFO = NO;
				SDKROOT = iphoneos;
				VALIDATE_PRODUCT = YES;
			};
			name = Release;
		};
		E79864AB1D17CD020074F8D2 /* Debug */ = {
			isa = XCBuildConfiguration;
			buildSettings = {
				ASSETCATALOG_COMPILER_APPICON_NAME = AppIcon;
				DEVELOPMENT_TEAM = 7ENE4DHQ7N;
				INFOPLIST_FILE = PhotoLibDemo/Info.plist;
				LD_RUNPATH_SEARCH_PATHS = "$(inherited) @executable_path/Frameworks";
				PRODUCT_BUNDLE_IDENTIFIER = com.Futurestar.PhotoLibDemo;
				PRODUCT_NAME = "$(TARGET_NAME)";
				TARGETED_DEVICE_FAMILY = "1,2";
			};
			name = Debug;
		};
		E79864AC1D17CD020074F8D2 /* Release */ = {
			isa = XCBuildConfiguration;
			buildSettings = {
				ASSETCATALOG_COMPILER_APPICON_NAME = AppIcon;
				DEVELOPMENT_TEAM = 7ENE4DHQ7N;
				INFOPLIST_FILE = PhotoLibDemo/Info.plist;
				LD_RUNPATH_SEARCH_PATHS = "$(inherited) @executable_path/Frameworks";
				PRODUCT_BUNDLE_IDENTIFIER = com.Futurestar.PhotoLibDemo;
				PRODUCT_NAME = "$(TARGET_NAME)";
				TARGETED_DEVICE_FAMILY = "1,2";
			};
			name = Release;
		};
		E79864AE1D17CD020074F8D2 /* Debug */ = {
			isa = XCBuildConfiguration;
			buildSettings = {
				BUNDLE_LOADER = "$(TEST_HOST)";
				INFOPLIST_FILE = PhotoLibDemoTests/Info.plist;
				LD_RUNPATH_SEARCH_PATHS = "$(inherited) @executable_path/Frameworks @loader_path/Frameworks";
				PRODUCT_BUNDLE_IDENTIFIER = com.Futurestar.PhotoLibDemoTests;
				PRODUCT_NAME = "$(TARGET_NAME)";
				TEST_HOST = "$(BUILT_PRODUCTS_DIR)/PhotoLibDemo.app/PhotoLibDemo";
			};
			name = Debug;
		};
		E79864AF1D17CD020074F8D2 /* Release */ = {
			isa = XCBuildConfiguration;
			buildSettings = {
				BUNDLE_LOADER = "$(TEST_HOST)";
				INFOPLIST_FILE = PhotoLibDemoTests/Info.plist;
				LD_RUNPATH_SEARCH_PATHS = "$(inherited) @executable_path/Frameworks @loader_path/Frameworks";
				PRODUCT_BUNDLE_IDENTIFIER = com.Futurestar.PhotoLibDemoTests;
				PRODUCT_NAME = "$(TARGET_NAME)";
				TEST_HOST = "$(BUILT_PRODUCTS_DIR)/PhotoLibDemo.app/PhotoLibDemo";
			};
			name = Release;
		};
		E79864B11D17CD020074F8D2 /* Debug */ = {
			isa = XCBuildConfiguration;
			buildSettings = {
				INFOPLIST_FILE = PhotoLibDemoUITests/Info.plist;
				LD_RUNPATH_SEARCH_PATHS = "$(inherited) @executable_path/Frameworks @loader_path/Frameworks";
				PRODUCT_BUNDLE_IDENTIFIER = com.Futurestar.PhotoLibDemoUITests;
				PRODUCT_NAME = "$(TARGET_NAME)";
				TEST_TARGET_NAME = PhotoLibDemo;
			};
			name = Debug;
		};
		E79864B21D17CD020074F8D2 /* Release */ = {
			isa = XCBuildConfiguration;
			buildSettings = {
				INFOPLIST_FILE = PhotoLibDemoUITests/Info.plist;
				LD_RUNPATH_SEARCH_PATHS = "$(inherited) @executable_path/Frameworks @loader_path/Frameworks";
				PRODUCT_BUNDLE_IDENTIFIER = com.Futurestar.PhotoLibDemoUITests;
				PRODUCT_NAME = "$(TARGET_NAME)";
				TEST_TARGET_NAME = PhotoLibDemo;
			};
			name = Release;
		};
/* End XCBuildConfiguration section */

/* Begin XCConfigurationList section */
		E79864781D17CD020074F8D2 /* Build configuration list for PBXProject "PhotoLibDemo" */ = {
			isa = XCConfigurationList;
			buildConfigurations = (
				E79864A81D17CD020074F8D2 /* Debug */,
				E79864A91D17CD020074F8D2 /* Release */,
			);
			defaultConfigurationIsVisible = 0;
			defaultConfigurationName = Release;
		};
		E79864AA1D17CD020074F8D2 /* Build configuration list for PBXNativeTarget "PhotoLibDemo" */ = {
			isa = XCConfigurationList;
			buildConfigurations = (
				E79864AB1D17CD020074F8D2 /* Debug */,
				E79864AC1D17CD020074F8D2 /* Release */,
			);
			defaultConfigurationIsVisible = 0;
			defaultConfigurationName = Release;
		};
		E79864AD1D17CD020074F8D2 /* Build configuration list for PBXNativeTarget "PhotoLibDemoTests" */ = {
			isa = XCConfigurationList;
			buildConfigurations = (
				E79864AE1D17CD020074F8D2 /* Debug */,
				E79864AF1D17CD020074F8D2 /* Release */,
			);
			defaultConfigurationIsVisible = 0;
			defaultConfigurationName = Release;
		};
		E79864B01D17CD020074F8D2 /* Build configuration list for PBXNativeTarget "PhotoLibDemoUITests" */ = {
			isa = XCConfigurationList;
			buildConfigurations = (
				E79864B11D17CD020074F8D2 /* Debug */,
				E79864B21D17CD020074F8D2 /* Release */,
			);
			defaultConfigurationIsVisible = 0;
			defaultConfigurationName = Release;
		};
/* End XCConfigurationList section */
	};
	rootObject = E79864751D17CD020074F8D2 /* Project object */;
}
