// !$*UTF8*$!
{
	archiveVersion = 1;
	classes = {
	};
	objectVersion = 46;
	objects = {

/* Begin PBXBuildFile section */
		E7006E4C1DDD9C9A0016D341 /* NSString+CYPHChineseName.m in Sources */ = {isa = PBXBuildFile; fileRef = E7006E111DDD9C9A0016D341 /* NSString+CYPHChineseName.m */; };
		E7006E4D1DDD9C9A0016D341 /* UIButton+CYCreate.m in Sources */ = {isa = PBXBuildFile; fileRef = E7006E131DDD9C9A0016D341 /* UIButton+CYCreate.m */; };
		E7006E4E1DDD9C9A0016D341 /* UIImage+CYCutDown.m in Sources */ = {isa = PBXBuildFile; fileRef = E7006E151DDD9C9A0016D341 /* UIImage+CYCutDown.m */; };
		E7006E4F1DDD9C9A0016D341 /* UIView+CY_1pxLine.m in Sources */ = {isa = PBXBuildFile; fileRef = E7006E171DDD9C9A0016D341 /* UIView+CY_1pxLine.m */; };
		E7006E501DDD9C9A0016D341 /* UIView+CYAnimation.m in Sources */ = {isa = PBXBuildFile; fileRef = E7006E191DDD9C9A0016D341 /* UIView+CYAnimation.m */; };
		E7006E511DDD9C9A0016D341 /* UIView+CYRect.m in Sources */ = {isa = PBXBuildFile; fileRef = E7006E1B1DDD9C9A0016D341 /* UIView+CYRect.m */; };
		E7006E521DDD9C9A0016D341 /* CYPhotoAblumListController.m in Sources */ = {isa = PBXBuildFile; fileRef = E7006E1E1DDD9C9A0016D341 /* CYPhotoAblumListController.m */; };
		E7006E531DDD9C9A0016D341 /* CYPhotoBaseController.m in Sources */ = {isa = PBXBuildFile; fileRef = E7006E201DDD9C9A0016D341 /* CYPhotoBaseController.m */; };
		E7006E541DDD9C9A0016D341 /* CYPhotoBrowserController.m in Sources */ = {isa = PBXBuildFile; fileRef = E7006E221DDD9C9A0016D341 /* CYPhotoBrowserController.m */; };
		E7006E551DDD9C9A0016D341 /* CYPhotoBrowserController.xib in Resources */ = {isa = PBXBuildFile; fileRef = E7006E231DDD9C9A0016D341 /* CYPhotoBrowserController.xib */; };
		E7006E561DDD9C9A0016D341 /* CYPhotoNavigationViewController.m in Sources */ = {isa = PBXBuildFile; fileRef = E7006E251DDD9C9A0016D341 /* CYPhotoNavigationViewController.m */; };
		E7006E571DDD9C9A0016D341 /* CYPhotoCenter.m in Sources */ = {isa = PBXBuildFile; fileRef = E7006E291DDD9C9A0016D341 /* CYPhotoCenter.m */; };
		E7006E581DDD9C9A0016D341 /* CYPhotoManager.m in Sources */ = {isa = PBXBuildFile; fileRef = E7006E2B1DDD9C9A0016D341 /* CYPhotoManager.m */; };
		E7006E591DDD9C9A0016D341 /* CYAblumInfo.m in Sources */ = {isa = PBXBuildFile; fileRef = E7006E2E1DDD9C9A0016D341 /* CYAblumInfo.m */; };
		E7006E5A1DDD9C9A0016D341 /* CYBack@2x.png in Resources */ = {isa = PBXBuildFile; fileRef = E7006E301DDD9C9A0016D341 /* CYBack@2x.png */; };
		E7006E5B1DDD9C9A0016D341 /* CYBack@3x.png in Resources */ = {isa = PBXBuildFile; fileRef = E7006E311DDD9C9A0016D341 /* CYBack@3x.png */; };
		E7006E5C1DDD9C9A0016D341 /* CYPhoto_circle@2x.png in Resources */ = {isa = PBXBuildFile; fileRef = E7006E321DDD9C9A0016D341 /* CYPhoto_circle@2x.png */; };
		E7006E5D1DDD9C9A0016D341 /* CYPhoto_delete.png in Resources */ = {isa = PBXBuildFile; fileRef = E7006E331DDD9C9A0016D341 /* CYPhoto_delete.png */; };
		E7006E5E1DDD9C9A0016D341 /* CYPhoto_delete@2x.png in Resources */ = {isa = PBXBuildFile; fileRef = E7006E341DDD9C9A0016D341 /* CYPhoto_delete@2x.png */; };
		E7006E5F1DDD9C9A0016D341 /* CYPhoto_selected.png in Resources */ = {isa = PBXBuildFile; fileRef = E7006E351DDD9C9A0016D341 /* CYPhoto_selected.png */; };
		E7006E601DDD9C9A0016D341 /* CYPhoto_selected@2x.png in Resources */ = {isa = PBXBuildFile; fileRef = E7006E361DDD9C9A0016D341 /* CYPhoto_selected@2x.png */; };
		E7006E611DDD9C9A0016D341 /* CYPhoto_selected@3x.png in Resources */ = {isa = PBXBuildFile; fileRef = E7006E371DDD9C9A0016D341 /* CYPhoto_selected@3x.png */; };
		E7006E621DDD9C9A0016D341 /* CYPhoto_Tanhao.png in Resources */ = {isa = PBXBuildFile; fileRef = E7006E381DDD9C9A0016D341 /* CYPhoto_Tanhao.png */; };
		E7006E631DDD9C9A0016D341 /* CYPhoto_Tanhao@2x.png in Resources */ = {isa = PBXBuildFile; fileRef = E7006E391DDD9C9A0016D341 /* CYPhoto_Tanhao@2x.png */; };
		E7006E641DDD9C9A0016D341 /* CYPhoto_Tanhao@3x.png in Resources */ = {isa = PBXBuildFile; fileRef = E7006E3A1DDD9C9A0016D341 /* CYPhoto_Tanhao@3x.png */; };
		E7006E651DDD9C9A0016D341 /* CYPhoto_unselected.png in Resources */ = {isa = PBXBuildFile; fileRef = E7006E3B1DDD9C9A0016D341 /* CYPhoto_unselected.png */; };
		E7006E661DDD9C9A0016D341 /* CYPhoto_unselected@2x.png in Resources */ = {isa = PBXBuildFile; fileRef = E7006E3C1DDD9C9A0016D341 /* CYPhoto_unselected@2x.png */; };
		E7006E671DDD9C9A0016D341 /* CYPhoto_unselected@3x.png in Resources */ = {isa = PBXBuildFile; fileRef = E7006E3D1DDD9C9A0016D341 /* CYPhoto_unselected@3x.png */; };
		E7006E681DDD9C9A0016D341 /* CYPhotoAblumCell.m in Sources */ = {isa = PBXBuildFile; fileRef = E7006E401DDD9C9A0016D341 /* CYPhotoAblumCell.m */; };
		E7006E691DDD9C9A0016D341 /* CYPhotoBottomCollectionViewCell.m in Sources */ = {isa = PBXBuildFile; fileRef = E7006E421DDD9C9A0016D341 /* CYPhotoBottomCollectionViewCell.m */; };
		E7006E6A1DDD9C9A0016D341 /* CYPhotoBottomCollectionViewCell.xib in Resources */ = {isa = PBXBuildFile; fileRef = E7006E431DDD9C9A0016D341 /* CYPhotoBottomCollectionViewCell.xib */; };
		E7006E6B1DDD9C9A0016D341 /* CYPhotoBrowserCell.m in Sources */ = {isa = PBXBuildFile; fileRef = E7006E451DDD9C9A0016D341 /* CYPhotoBrowserCell.m */; };
		E7006E6C1DDD9C9A0016D341 /* CYPhotoBrowserCell.xib in Resources */ = {isa = PBXBuildFile; fileRef = E7006E461DDD9C9A0016D341 /* CYPhotoBrowserCell.xib */; };
		E7006E6D1DDD9C9A0016D341 /* CYPhotoBrowserFooter.m in Sources */ = {isa = PBXBuildFile; fileRef = E7006E481DDD9C9A0016D341 /* CYPhotoBrowserFooter.m */; };
		E7006E6E1DDD9C9A0016D341 /* CYPhotoBrowserFooter.xib in Resources */ = {isa = PBXBuildFile; fileRef = E7006E491DDD9C9A0016D341 /* CYPhotoBrowserFooter.xib */; };
		E7006E6F1DDD9C9A0016D341 /* CYPhotoPicker.m in Sources */ = {isa = PBXBuildFile; fileRef = E7006E4B1DDD9C9A0016D341 /* CYPhotoPicker.m */; };
		E79864821D17CD020074F8D2 /* main.m in Sources */ = {isa = PBXBuildFile; fileRef = E79864811D17CD020074F8D2 /* main.m */; };
		E79864851D17CD020074F8D2 /* AppDelegate.m in Sources */ = {isa = PBXBuildFile; fileRef = E79864841D17CD020074F8D2 /* AppDelegate.m */; };
		E79864881D17CD020074F8D2 /* ViewController.m in Sources */ = {isa = PBXBuildFile; fileRef = E79864871D17CD020074F8D2 /* ViewController.m */; };
		E798648B1D17CD020074F8D2 /* Main.storyboard in Resources */ = {isa = PBXBuildFile; fileRef = E79864891D17CD020074F8D2 /* Main.storyboard */; };
		E798648D1D17CD020074F8D2 /* Assets.xcassets in Resources */ = {isa = PBXBuildFile; fileRef = E798648C1D17CD020074F8D2 /* Assets.xcassets */; };
		E79864901D17CD020074F8D2 /* LaunchScreen.storyboard in Resources */ = {isa = PBXBuildFile; fileRef = E798648E1D17CD020074F8D2 /* LaunchScreen.storyboard */; };
		E798649B1D17CD020074F8D2 /* PhotoLibDemoTests.m in Sources */ = {isa = PBXBuildFile; fileRef = E798649A1D17CD020074F8D2 /* PhotoLibDemoTests.m */; };
		E79864A61D17CD020074F8D2 /* PhotoLibDemoUITests.m in Sources */ = {isa = PBXBuildFile; fileRef = E79864A51D17CD020074F8D2 /* PhotoLibDemoUITests.m */; };
/* End PBXBuildFile section */

/* Begin PBXContainerItemProxy section */
		E79864971D17CD020074F8D2 /* PBXContainerItemProxy */ = {
			isa = PBXContainerItemProxy;
			containerPortal = E79864751D17CD020074F8D2 /* Project object */;
			proxyType = 1;
			remoteGlobalIDString = E798647C1D17CD020074F8D2;
			remoteInfo = PhotoLibDemo;
		};
		E79864A21D17CD020074F8D2 /* PBXContainerItemProxy */ = {
			isa = PBXContainerItemProxy;
			containerPortal = E79864751D17CD020074F8D2 /* Project object */;
			proxyType = 1;
			remoteGlobalIDString = E798647C1D17CD020074F8D2;
			remoteInfo = PhotoLibDemo;
		};
/* End PBXContainerItemProxy section */

/* Begin PBXFileReference section */
		E7006E0C1DDD9C9A0016D341 /* CYPhotoCommon.h */ = {isa = PBXFileReference; fileEncoding = 4; lastKnownFileType = sourcecode.c.h; path = CYPhotoCommon.h; sourceTree = "<group>"; };
		E7006E0D1DDD9C9A0016D341 /* CYPhotoLib.h */ = {isa = PBXFileReference; fileEncoding = 4; lastKnownFileType = sourcecode.c.h; path = CYPhotoLib.h; sourceTree = "<group>"; };
		E7006E101DDD9C9A0016D341 /* NSString+CYPHChineseName.h */ = {isa = PBXFileReference; fileEncoding = 4; lastKnownFileType = sourcecode.c.h; path = "NSString+CYPHChineseName.h"; sourceTree = "<group>"; };
		E7006E111DDD9C9A0016D341 /* NSString+CYPHChineseName.m */ = {isa = PBXFileReference; fileEncoding = 4; lastKnownFileType = sourcecode.c.objc; path = "NSString+CYPHChineseName.m"; sourceTree = "<group>"; };
		E7006E121DDD9C9A0016D341 /* UIButton+CYCreate.h */ = {isa = PBXFileReference; fileEncoding = 4; lastKnownFileType = sourcecode.c.h; path = "UIButton+CYCreate.h"; sourceTree = "<group>"; };
		E7006E131DDD9C9A0016D341 /* UIButton+CYCreate.m */ = {isa = PBXFileReference; fileEncoding = 4; lastKnownFileType = sourcecode.c.objc; path = "UIButton+CYCreate.m"; sourceTree = "<group>"; };
		E7006E141DDD9C9A0016D341 /* UIImage+CYCutDown.h */ = {isa = PBXFileReference; fileEncoding = 4; lastKnownFileType = sourcecode.c.h; path = "UIImage+CYCutDown.h"; sourceTree = "<group>"; };
		E7006E151DDD9C9A0016D341 /* UIImage+CYCutDown.m */ = {isa = PBXFileReference; fileEncoding = 4; lastKnownFileType = sourcecode.c.objc; path = "UIImage+CYCutDown.m"; sourceTree = "<group>"; };
		E7006E161DDD9C9A0016D341 /* UIView+CY_1pxLine.h */ = {isa = PBXFileReference; fileEncoding = 4; lastKnownFileType = sourcecode.c.h; path = "UIView+CY_1pxLine.h"; sourceTree = "<group>"; };
		E7006E171DDD9C9A0016D341 /* UIView+CY_1pxLine.m */ = {isa = PBXFileReference; fileEncoding = 4; lastKnownFileType = sourcecode.c.objc; path = "UIView+CY_1pxLine.m"; sourceTree = "<group>"; };
		E7006E181DDD9C9A0016D341 /* UIView+CYAnimation.h */ = {isa = PBXFileReference; fileEncoding = 4; lastKnownFileType = sourcecode.c.h; path = "UIView+CYAnimation.h"; sourceTree = "<group>"; };
		E7006E191DDD9C9A0016D341 /* UIView+CYAnimation.m */ = {isa = PBXFileReference; fileEncoding = 4; lastKnownFileType = sourcecode.c.objc; path = "UIView+CYAnimation.m"; sourceTree = "<group>"; };
		E7006E1A1DDD9C9A0016D341 /* UIView+CYRect.h */ = {isa = PBXFileReference; fileEncoding = 4; lastKnownFileType = sourcecode.c.h; path = "UIView+CYRect.h"; sourceTree = "<group>"; };
		E7006E1B1DDD9C9A0016D341 /* UIView+CYRect.m */ = {isa = PBXFileReference; fileEncoding = 4; lastKnownFileType = sourcecode.c.objc; path = "UIView+CYRect.m"; sourceTree = "<group>"; };
		E7006E1D1DDD9C9A0016D341 /* CYPhotoAblumListController.h */ = {isa = PBXFileReference; fileEncoding = 4; lastKnownFileType = sourcecode.c.h; path = CYPhotoAblumListController.h; sourceTree = "<group>"; };
		E7006E1E1DDD9C9A0016D341 /* CYPhotoAblumListController.m */ = {isa = PBXFileReference; fileEncoding = 4; lastKnownFileType = sourcecode.c.objc; path = CYPhotoAblumListController.m; sourceTree = "<group>"; };
		E7006E1F1DDD9C9A0016D341 /* CYPhotoBaseController.h */ = {isa = PBXFileReference; fileEncoding = 4; lastKnownFileType = sourcecode.c.h; path = CYPhotoBaseController.h; sourceTree = "<group>"; };
		E7006E201DDD9C9A0016D341 /* CYPhotoBaseController.m */ = {isa = PBXFileReference; fileEncoding = 4; lastKnownFileType = sourcecode.c.objc; path = CYPhotoBaseController.m; sourceTree = "<group>"; };
		E7006E211DDD9C9A0016D341 /* CYPhotoBrowserController.h */ = {isa = PBXFileReference; fileEncoding = 4; lastKnownFileType = sourcecode.c.h; path = CYPhotoBrowserController.h; sourceTree = "<group>"; };
		E7006E221DDD9C9A0016D341 /* CYPhotoBrowserController.m */ = {isa = PBXFileReference; fileEncoding = 4; lastKnownFileType = sourcecode.c.objc; path = CYPhotoBrowserController.m; sourceTree = "<group>"; };
		E7006E231DDD9C9A0016D341 /* CYPhotoBrowserController.xib */ = {isa = PBXFileReference; fileEncoding = 4; lastKnownFileType = file.xib; path = CYPhotoBrowserController.xib; sourceTree = "<group>"; };
		E7006E241DDD9C9A0016D341 /* CYPhotoNavigationViewController.h */ = {isa = PBXFileReference; fileEncoding = 4; lastKnownFileType = sourcecode.c.h; path = CYPhotoNavigationViewController.h; sourceTree = "<group>"; };
		E7006E251DDD9C9A0016D341 /* CYPhotoNavigationViewController.m */ = {isa = PBXFileReference; fileEncoding = 4; lastKnownFileType = sourcecode.c.objc; path = CYPhotoNavigationViewController.m; sourceTree = "<group>"; };
		E7006E261DDD9C9A0016D341 /* CYPhotoHeader.h */ = {isa = PBXFileReference; fileEncoding = 4; lastKnownFileType = sourcecode.c.h; path = CYPhotoHeader.h; sourceTree = "<group>"; };
		E7006E281DDD9C9A0016D341 /* CYPhotoCenter.h */ = {isa = PBXFileReference; fileEncoding = 4; lastKnownFileType = sourcecode.c.h; path = CYPhotoCenter.h; sourceTree = "<group>"; };
		E7006E291DDD9C9A0016D341 /* CYPhotoCenter.m */ = {isa = PBXFileReference; fileEncoding = 4; lastKnownFileType = sourcecode.c.objc; path = CYPhotoCenter.m; sourceTree = "<group>"; };
		E7006E2A1DDD9C9A0016D341 /* CYPhotoManager.h */ = {isa = PBXFileReference; fileEncoding = 4; lastKnownFileType = sourcecode.c.h; path = CYPhotoManager.h; sourceTree = "<group>"; };
		E7006E2B1DDD9C9A0016D341 /* CYPhotoManager.m */ = {isa = PBXFileReference; fileEncoding = 4; lastKnownFileType = sourcecode.c.objc; path = CYPhotoManager.m; sourceTree = "<group>"; };
		E7006E2D1DDD9C9A0016D341 /* CYAblumInfo.h */ = {isa = PBXFileReference; fileEncoding = 4; lastKnownFileType = sourcecode.c.h; path = CYAblumInfo.h; sourceTree = "<group>"; };
		E7006E2E1DDD9C9A0016D341 /* CYAblumInfo.m */ = {isa = PBXFileReference; fileEncoding = 4; lastKnownFileType = sourcecode.c.objc; path = CYAblumInfo.m; sourceTree = "<group>"; };
		E7006E301DDD9C9A0016D341 /* CYBack@2x.png */ = {isa = PBXFileReference; lastKnownFileType = image.png; path = "CYBack@2x.png"; sourceTree = "<group>"; };
		E7006E311DDD9C9A0016D341 /* CYBack@3x.png */ = {isa = PBXFileReference; lastKnownFileType = image.png; path = "CYBack@3x.png"; sourceTree = "<group>"; };
		E7006E321DDD9C9A0016D341 /* CYPhoto_circle@2x.png */ = {isa = PBXFileReference; lastKnownFileType = image.png; path = "CYPhoto_circle@2x.png"; sourceTree = "<group>"; };
		E7006E331DDD9C9A0016D341 /* CYPhoto_delete.png */ = {isa = PBXFileReference; lastKnownFileType = image.png; path = CYPhoto_delete.png; sourceTree = "<group>"; };
		E7006E341DDD9C9A0016D341 /* CYPhoto_delete@2x.png */ = {isa = PBXFileReference; lastKnownFileType = image.png; path = "CYPhoto_delete@2x.png"; sourceTree = "<group>"; };
		E7006E351DDD9C9A0016D341 /* CYPhoto_selected.png */ = {isa = PBXFileReference; lastKnownFileType = image.png; path = CYPhoto_selected.png; sourceTree = "<group>"; };
		E7006E361DDD9C9A0016D341 /* CYPhoto_selected@2x.png */ = {isa = PBXFileReference; lastKnownFileType = image.png; path = "CYPhoto_selected@2x.png"; sourceTree = "<group>"; };
		E7006E371DDD9C9A0016D341 /* CYPhoto_selected@3x.png */ = {isa = PBXFileReference; lastKnownFileType = image.png; path = "CYPhoto_selected@3x.png"; sourceTree = "<group>"; };
		E7006E381DDD9C9A0016D341 /* CYPhoto_Tanhao.png */ = {isa = PBXFileReference; lastKnownFileType = image.png; path = CYPhoto_Tanhao.png; sourceTree = "<group>"; };
		E7006E391DDD9C9A0016D341 /* CYPhoto_Tanhao@2x.png */ = {isa = PBXFileReference; lastKnownFileType = image.png; path = "CYPhoto_Tanhao@2x.png"; sourceTree = "<group>"; };
		E7006E3A1DDD9C9A0016D341 /* CYPhoto_Tanhao@3x.png */ = {isa = PBXFileReference; lastKnownFileType = image.png; path = "CYPhoto_Tanhao@3x.png"; sourceTree = "<group>"; };
		E7006E3B1DDD9C9A0016D341 /* CYPhoto_unselected.png */ = {isa = PBXFileReference; lastKnownFileType = image.png; path = CYPhoto_unselected.png; sourceTree = "<group>"; };
		E7006E3C1DDD9C9A0016D341 /* CYPhoto_unselected@2x.png */ = {isa = PBXFileReference; lastKnownFileType = image.png; path = "CYPhoto_unselected@2x.png"; sourceTree = "<group>"; };
		E7006E3D1DDD9C9A0016D341 /* CYPhoto_unselected@3x.png */ = {isa = PBXFileReference; lastKnownFileType = image.png; path = "CYPhoto_unselected@3x.png"; sourceTree = "<group>"; };
		E7006E3F1DDD9C9A0016D341 /* CYPhotoAblumCell.h */ = {isa = PBXFileReference; fileEncoding = 4; lastKnownFileType = sourcecode.c.h; path = CYPhotoAblumCell.h; sourceTree = "<group>"; };
		E7006E401DDD9C9A0016D341 /* CYPhotoAblumCell.m */ = {isa = PBXFileReference; fileEncoding = 4; lastKnownFileType = sourcecode.c.objc; path = CYPhotoAblumCell.m; sourceTree = "<group>"; };
		E7006E411DDD9C9A0016D341 /* CYPhotoBottomCollectionViewCell.h */ = {isa = PBXFileReference; fileEncoding = 4; lastKnownFileType = sourcecode.c.h; path = CYPhotoBottomCollectionViewCell.h; sourceTree = "<group>"; };
		E7006E421DDD9C9A0016D341 /* CYPhotoBottomCollectionViewCell.m */ = {isa = PBXFileReference; fileEncoding = 4; lastKnownFileType = sourcecode.c.objc; path = CYPhotoBottomCollectionViewCell.m; sourceTree = "<group>"; };
		E7006E431DDD9C9A0016D341 /* CYPhotoBottomCollectionViewCell.xib */ = {isa = PBXFileReference; fileEncoding = 4; lastKnownFileType = file.xib; path = CYPhotoBottomCollectionViewCell.xib; sourceTree = "<group>"; };
		E7006E441DDD9C9A0016D341 /* CYPhotoBrowserCell.h */ = {isa = PBXFileReference; fileEncoding = 4; lastKnownFileType = sourcecode.c.h; path = CYPhotoBrowserCell.h; sourceTree = "<group>"; };
		E7006E451DDD9C9A0016D341 /* CYPhotoBrowserCell.m */ = {isa = PBXFileReference; fileEncoding = 4; lastKnownFileType = sourcecode.c.objc; path = CYPhotoBrowserCell.m; sourceTree = "<group>"; };
		E7006E461DDD9C9A0016D341 /* CYPhotoBrowserCell.xib */ = {isa = PBXFileReference; fileEncoding = 4; lastKnownFileType = file.xib; path = CYPhotoBrowserCell.xib; sourceTree = "<group>"; };
		E7006E471DDD9C9A0016D341 /* CYPhotoBrowserFooter.h */ = {isa = PBXFileReference; fileEncoding = 4; lastKnownFileType = sourcecode.c.h; path = CYPhotoBrowserFooter.h; sourceTree = "<group>"; };
		E7006E481DDD9C9A0016D341 /* CYPhotoBrowserFooter.m */ = {isa = PBXFileReference; fileEncoding = 4; lastKnownFileType = sourcecode.c.objc; path = CYPhotoBrowserFooter.m; sourceTree = "<group>"; };
		E7006E491DDD9C9A0016D341 /* CYPhotoBrowserFooter.xib */ = {isa = PBXFileReference; fileEncoding = 4; lastKnownFileType = file.xib; path = CYPhotoBrowserFooter.xib; sourceTree = "<group>"; };
		E7006E4A1DDD9C9A0016D341 /* CYPhotoPicker.h */ = {isa = PBXFileReference; fileEncoding = 4; lastKnownFileType = sourcecode.c.h; path = CYPhotoPicker.h; sourceTree = "<group>"; };
		E7006E4B1DDD9C9A0016D341 /* CYPhotoPicker.m */ = {isa = PBXFileReference; fileEncoding = 4; lastKnownFileType = sourcecode.c.objc; path = CYPhotoPicker.m; sourceTree = "<group>"; };
		E798647D1D17CD020074F8D2 /* PhotoLibDemo.app */ = {isa = PBXFileReference; explicitFileType = wrapper.application; includeInIndex = 0; path = PhotoLibDemo.app; sourceTree = BUILT_PRODUCTS_DIR; };
		E79864811D17CD020074F8D2 /* main.m */ = {isa = PBXFileReference; lastKnownFileType = sourcecode.c.objc; path = main.m; sourceTree = "<group>"; };
		E79864831D17CD020074F8D2 /* AppDelegate.h */ = {isa = PBXFileReference; lastKnownFileType = sourcecode.c.h; path = AppDelegate.h; sourceTree = "<group>"; };
		E79864841D17CD020074F8D2 /* AppDelegate.m */ = {isa = PBXFileReference; lastKnownFileType = sourcecode.c.objc; path = AppDelegate.m; sourceTree = "<group>"; };
		E79864861D17CD020074F8D2 /* ViewController.h */ = {isa = PBXFileReference; lastKnownFileType = sourcecode.c.h; path = ViewController.h; sourceTree = "<group>"; };
		E79864871D17CD020074F8D2 /* ViewController.m */ = {isa = PBXFileReference; lastKnownFileType = sourcecode.c.objc; path = ViewController.m; sourceTree = "<group>"; };
		E798648A1D17CD020074F8D2 /* Base */ = {isa = PBXFileReference; lastKnownFileType = file.storyboard; name = Base; path = Base.lproj/Main.storyboard; sourceTree = "<group>"; };
		E798648C1D17CD020074F8D2 /* Assets.xcassets */ = {isa = PBXFileReference; lastKnownFileType = folder.assetcatalog; path = Assets.xcassets; sourceTree = "<group>"; };
		E798648F1D17CD020074F8D2 /* Base */ = {isa = PBXFileReference; lastKnownFileType = file.storyboard; name = Base; path = Base.lproj/LaunchScreen.storyboard; sourceTree = "<group>"; };
		E79864911D17CD020074F8D2 /* Info.plist */ = {isa = PBXFileReference; lastKnownFileType = text.plist.xml; path = Info.plist; sourceTree = "<group>"; };
		E79864961D17CD020074F8D2 /* PhotoLibDemoTests.xctest */ = {isa = PBXFileReference; explicitFileType = wrapper.cfbundle; includeInIndex = 0; path = PhotoLibDemoTests.xctest; sourceTree = BUILT_PRODUCTS_DIR; };
		E798649A1D17CD020074F8D2 /* PhotoLibDemoTests.m */ = {isa = PBXFileReference; lastKnownFileType = sourcecode.c.objc; path = PhotoLibDemoTests.m; sourceTree = "<group>"; };
		E798649C1D17CD020074F8D2 /* Info.plist */ = {isa = PBXFileReference; lastKnownFileType = text.plist.xml; path = Info.plist; sourceTree = "<group>"; };
		E79864A11D17CD020074F8D2 /* PhotoLibDemoUITests.xctest */ = {isa = PBXFileReference; explicitFileType = wrapper.cfbundle; includeInIndex = 0; path = PhotoLibDemoUITests.xctest; sourceTree = BUILT_PRODUCTS_DIR; };
		E79864A51D17CD020074F8D2 /* PhotoLibDemoUITests.m */ = {isa = PBXFileReference; lastKnownFileType = sourcecode.c.objc; path = PhotoLibDemoUITests.m; sourceTree = "<group>"; };
		E79864A71D17CD020074F8D2 /* Info.plist */ = {isa = PBXFileReference; lastKnownFileType = text.plist.xml; path = Info.plist; sourceTree = "<group>"; };
/* End PBXFileReference section */

/* Begin PBXFrameworksBuildPhase section */
		E798647A1D17CD020074F8D2 /* Frameworks */ = {
			isa = PBXFrameworksBuildPhase;
			buildActionMask = 2147483647;
			files = (
			);
			runOnlyForDeploymentPostprocessing = 0;
		};
		E79864931D17CD020074F8D2 /* Frameworks */ = {
			isa = PBXFrameworksBuildPhase;
			buildActionMask = 2147483647;
			files = (
			);
			runOnlyForDeploymentPostprocessing = 0;
		};
		E798649E1D17CD020074F8D2 /* Frameworks */ = {
			isa = PBXFrameworksBuildPhase;
			buildActionMask = 2147483647;
			files = (
			);
			runOnlyForDeploymentPostprocessing = 0;
		};
/* End PBXFrameworksBuildPhase section */

/* Begin PBXGroup section */
		E7006E0A1DDD9C9A0016D341 /* CYPhotoLib */ = {
			isa = PBXGroup;
			children = (
				E7006E0B1DDD9C9A0016D341 /* Classes */,
			);
			path = CYPhotoLib;
			sourceTree = "<group>";
		};
		E7006E0B1DDD9C9A0016D341 /* Classes */ = {
			isa = PBXGroup;
			children = (
				E7006E0C1DDD9C9A0016D341 /* CYPhotoCommon.h */,
				E7006E0D1DDD9C9A0016D341 /* CYPhotoLib.h */,
				E7006E0E1DDD9C9A0016D341 /* CYPhotoPicker */,
				E7006E4A1DDD9C9A0016D341 /* CYPhotoPicker.h */,
				E7006E4B1DDD9C9A0016D341 /* CYPhotoPicker.m */,
			);
			path = Classes;
			sourceTree = "<group>";
		};
		E7006E0E1DDD9C9A0016D341 /* CYPhotoPicker */ = {
			isa = PBXGroup;
			children = (
				E7006E0F1DDD9C9A0016D341 /* Category */,
				E7006E1C1DDD9C9A0016D341 /* Controller */,
				E7006E261DDD9C9A0016D341 /* CYPhotoHeader.h */,
				E7006E271DDD9C9A0016D341 /* Manager */,
				E7006E2C1DDD9C9A0016D341 /* Model */,
				E7006E2F1DDD9C9A0016D341 /* Resource */,
				E7006E3E1DDD9C9A0016D341 /* View */,
			);
			path = CYPhotoPicker;
			sourceTree = "<group>";
		};
		E7006E0F1DDD9C9A0016D341 /* Category */ = {
			isa = PBXGroup;
			children = (
				E7006E101DDD9C9A0016D341 /* NSString+CYPHChineseName.h */,
				E7006E111DDD9C9A0016D341 /* NSString+CYPHChineseName.m */,
				E7006E121DDD9C9A0016D341 /* UIButton+CYCreate.h */,
				E7006E131DDD9C9A0016D341 /* UIButton+CYCreate.m */,
				E7006E141DDD9C9A0016D341 /* UIImage+CYCutDown.h */,
				E7006E151DDD9C9A0016D341 /* UIImage+CYCutDown.m */,
				E7006E161DDD9C9A0016D341 /* UIView+CY_1pxLine.h */,
				E7006E171DDD9C9A0016D341 /* UIView+CY_1pxLine.m */,
				E7006E181DDD9C9A0016D341 /* UIView+CYAnimation.h */,
				E7006E191DDD9C9A0016D341 /* UIView+CYAnimation.m */,
				E7006E1A1DDD9C9A0016D341 /* UIView+CYRect.h */,
				E7006E1B1DDD9C9A0016D341 /* UIView+CYRect.m */,
			);
			path = Category;
			sourceTree = "<group>";
		};
		E7006E1C1DDD9C9A0016D341 /* Controller */ = {
			isa = PBXGroup;
			children = (
				E7006E1D1DDD9C9A0016D341 /* CYPhotoAblumListController.h */,
				E7006E1E1DDD9C9A0016D341 /* CYPhotoAblumListController.m */,
				E7006E1F1DDD9C9A0016D341 /* CYPhotoBaseController.h */,
				E7006E201DDD9C9A0016D341 /* CYPhotoBaseController.m */,
				E7006E211DDD9C9A0016D341 /* CYPhotoBrowserController.h */,
				E7006E221DDD9C9A0016D341 /* CYPhotoBrowserController.m */,
				E7006E231DDD9C9A0016D341 /* CYPhotoBrowserController.xib */,
				E7006E241DDD9C9A0016D341 /* CYPhotoNavigationViewController.h */,
				E7006E251DDD9C9A0016D341 /* CYPhotoNavigationViewController.m */,
			);
			path = Controller;
			sourceTree = "<group>";
		};
		E7006E271DDD9C9A0016D341 /* Manager */ = {
			isa = PBXGroup;
			children = (
				E7006E281DDD9C9A0016D341 /* CYPhotoCenter.h */,
				E7006E291DDD9C9A0016D341 /* CYPhotoCenter.m */,
				E7006E2A1DDD9C9A0016D341 /* CYPhotoManager.h */,
				E7006E2B1DDD9C9A0016D341 /* CYPhotoManager.m */,
			);
			path = Manager;
			sourceTree = "<group>";
		};
		E7006E2C1DDD9C9A0016D341 /* Model */ = {
			isa = PBXGroup;
			children = (
				E7006E2D1DDD9C9A0016D341 /* CYAblumInfo.h */,
				E7006E2E1DDD9C9A0016D341 /* CYAblumInfo.m */,
			);
			path = Model;
			sourceTree = "<group>";
		};
		E7006E2F1DDD9C9A0016D341 /* Resource */ = {
			isa = PBXGroup;
			children = (
				E7006E301DDD9C9A0016D341 /* CYBack@2x.png */,
				E7006E311DDD9C9A0016D341 /* CYBack@3x.png */,
				E7006E321DDD9C9A0016D341 /* CYPhoto_circle@2x.png */,
				E7006E331DDD9C9A0016D341 /* CYPhoto_delete.png */,
				E7006E341DDD9C9A0016D341 /* CYPhoto_delete@2x.png */,
				E7006E351DDD9C9A0016D341 /* CYPhoto_selected.png */,
				E7006E361DDD9C9A0016D341 /* CYPhoto_selected@2x.png */,
				E7006E371DDD9C9A0016D341 /* CYPhoto_selected@3x.png */,
				E7006E381DDD9C9A0016D341 /* CYPhoto_Tanhao.png */,
				E7006E391DDD9C9A0016D341 /* CYPhoto_Tanhao@2x.png */,
				E7006E3A1DDD9C9A0016D341 /* CYPhoto_Tanhao@3x.png */,
				E7006E3B1DDD9C9A0016D341 /* CYPhoto_unselected.png */,
				E7006E3C1DDD9C9A0016D341 /* CYPhoto_unselected@2x.png */,
				E7006E3D1DDD9C9A0016D341 /* CYPhoto_unselected@3x.png */,
			);
			path = Resource;
			sourceTree = "<group>";
		};
		E7006E3E1DDD9C9A0016D341 /* View */ = {
			isa = PBXGroup;
			children = (
				E7006E3F1DDD9C9A0016D341 /* CYPhotoAblumCell.h */,
				E7006E401DDD9C9A0016D341 /* CYPhotoAblumCell.m */,
				E7006E411DDD9C9A0016D341 /* CYPhotoBottomCollectionViewCell.h */,
				E7006E421DDD9C9A0016D341 /* CYPhotoBottomCollectionViewCell.m */,
				E7006E431DDD9C9A0016D341 /* CYPhotoBottomCollectionViewCell.xib */,
				E7006E441DDD9C9A0016D341 /* CYPhotoBrowserCell.h */,
				E7006E451DDD9C9A0016D341 /* CYPhotoBrowserCell.m */,
				E7006E461DDD9C9A0016D341 /* CYPhotoBrowserCell.xib */,
				E7006E471DDD9C9A0016D341 /* CYPhotoBrowserFooter.h */,
				E7006E481DDD9C9A0016D341 /* CYPhotoBrowserFooter.m */,
				E7006E491DDD9C9A0016D341 /* CYPhotoBrowserFooter.xib */,
			);
			path = View;
			sourceTree = "<group>";
		};
		E79864741D17CD020074F8D2 = {
			isa = PBXGroup;
			children = (
				E798647F1D17CD020074F8D2 /* PhotoLibDemo */,
				E79864991D17CD020074F8D2 /* PhotoLibDemoTests */,
				E79864A41D17CD020074F8D2 /* PhotoLibDemoUITests */,
				E798647E1D17CD020074F8D2 /* Products */,
			);
			sourceTree = "<group>";
		};
		E798647E1D17CD020074F8D2 /* Products */ = {
			isa = PBXGroup;
			children = (
				E798647D1D17CD020074F8D2 /* PhotoLibDemo.app */,
				E79864961D17CD020074F8D2 /* PhotoLibDemoTests.xctest */,
				E79864A11D17CD020074F8D2 /* PhotoLibDemoUITests.xctest */,
			);
			name = Products;
			sourceTree = "<group>";
		};
		E798647F1D17CD020074F8D2 /* PhotoLibDemo */ = {
			isa = PBXGroup;
			children = (
				E7006E0A1DDD9C9A0016D341 /* CYPhotoLib */,
				E79864831D17CD020074F8D2 /* AppDelegate.h */,
				E79864841D17CD020074F8D2 /* AppDelegate.m */,
				E79864861D17CD020074F8D2 /* ViewController.h */,
				E79864871D17CD020074F8D2 /* ViewController.m */,
				E79864891D17CD020074F8D2 /* Main.storyboard */,
				E798648C1D17CD020074F8D2 /* Assets.xcassets */,
				E798648E1D17CD020074F8D2 /* LaunchScreen.storyboard */,
				E79864911D17CD020074F8D2 /* Info.plist */,
				E79864801D17CD020074F8D2 /* Supporting Files */,
			);
			path = PhotoLibDemo;
			sourceTree = "<group>";
		};
		E79864801D17CD020074F8D2 /* Supporting Files */ = {
			isa = PBXGroup;
			children = (
				E79864811D17CD020074F8D2 /* main.m */,
			);
			name = "Supporting Files";
			sourceTree = "<group>";
		};
		E79864991D17CD020074F8D2 /* PhotoLibDemoTests */ = {
			isa = PBXGroup;
			children = (
				E798649A1D17CD020074F8D2 /* PhotoLibDemoTests.m */,
				E798649C1D17CD020074F8D2 /* Info.plist */,
			);
			path = PhotoLibDemoTests;
			sourceTree = "<group>";
		};
		E79864A41D17CD020074F8D2 /* PhotoLibDemoUITests */ = {
			isa = PBXGroup;
			children = (
				E79864A51D17CD020074F8D2 /* PhotoLibDemoUITests.m */,
				E79864A71D17CD020074F8D2 /* Info.plist */,
			);
			path = PhotoLibDemoUITests;
			sourceTree = "<group>";
		};
/* End PBXGroup section */

/* Begin PBXNativeTarget section */
		E798647C1D17CD020074F8D2 /* PhotoLibDemo */ = {
			isa = PBXNativeTarget;
			buildConfigurationList = E79864AA1D17CD020074F8D2 /* Build configuration list for PBXNativeTarget "PhotoLibDemo" */;
			buildPhases = (
				E79864791D17CD020074F8D2 /* Sources */,
				E798647A1D17CD020074F8D2 /* Frameworks */,
				E798647B1D17CD020074F8D2 /* Resources */,
			);
			buildRules = (
			);
			dependencies = (
			);
			name = PhotoLibDemo;
			productName = PhotoLibDemo;
			productReference = E798647D1D17CD020074F8D2 /* PhotoLibDemo.app */;
			productType = "com.apple.product-type.application";
		};
		E79864951D17CD020074F8D2 /* PhotoLibDemoTests */ = {
			isa = PBXNativeTarget;
			buildConfigurationList = E79864AD1D17CD020074F8D2 /* Build configuration list for PBXNativeTarget "PhotoLibDemoTests" */;
			buildPhases = (
				E79864921D17CD020074F8D2 /* Sources */,
				E79864931D17CD020074F8D2 /* Frameworks */,
				E79864941D17CD020074F8D2 /* Resources */,
			);
			buildRules = (
			);
			dependencies = (
				E79864981D17CD020074F8D2 /* PBXTargetDependency */,
			);
			name = PhotoLibDemoTests;
			productName = PhotoLibDemoTests;
			productReference = E79864961D17CD020074F8D2 /* PhotoLibDemoTests.xctest */;
			productType = "com.apple.product-type.bundle.unit-test";
		};
		E79864A01D17CD020074F8D2 /* PhotoLibDemoUITests */ = {
			isa = PBXNativeTarget;
			buildConfigurationList = E79864B01D17CD020074F8D2 /* Build configuration list for PBXNativeTarget "PhotoLibDemoUITests" */;
			buildPhases = (
				E798649D1D17CD020074F8D2 /* Sources */,
				E798649E1D17CD020074F8D2 /* Frameworks */,
				E798649F1D17CD020074F8D2 /* Resources */,
			);
			buildRules = (
			);
			dependencies = (
				E79864A31D17CD020074F8D2 /* PBXTargetDependency */,
			);
			name = PhotoLibDemoUITests;
			productName = PhotoLibDemoUITests;
			productReference = E79864A11D17CD020074F8D2 /* PhotoLibDemoUITests.xctest */;
			productType = "com.apple.product-type.bundle.ui-testing";
		};
/* End PBXNativeTarget section */

/* Begin PBXProject section */
		E79864751D17CD020074F8D2 /* Project object */ = {
			isa = PBXProject;
			attributes = {
				LastUpgradeCheck = 0800;
				ORGANIZATIONNAME = Cyrill;
				TargetAttributes = {
					E798647C1D17CD020074F8D2 = {
						CreatedOnToolsVersion = 7.3.1;
						DevelopmentTeam = 7ENE4DHQ7N;
					};
					E79864951D17CD020074F8D2 = {
						CreatedOnToolsVersion = 7.3.1;
						TestTargetID = E798647C1D17CD020074F8D2;
					};
					E79864A01D17CD020074F8D2 = {
						CreatedOnToolsVersion = 7.3.1;
						TestTargetID = E798647C1D17CD020074F8D2;
					};
				};
			};
			buildConfigurationList = E79864781D17CD020074F8D2 /* Build configuration list for PBXProject "PhotoLibDemo" */;
			compatibilityVersion = "Xcode 3.2";
			developmentRegion = English;
			hasScannedForEncodings = 0;
			knownRegions = (
				en,
				Base,
			);
			mainGroup = E79864741D17CD020074F8D2;
			productRefGroup = E798647E1D17CD020074F8D2 /* Products */;
			projectDirPath = "";
			projectRoot = "";
			targets = (
				E798647C1D17CD020074F8D2 /* PhotoLibDemo */,
				E79864951D17CD020074F8D2 /* PhotoLibDemoTests */,
				E79864A01D17CD020074F8D2 /* PhotoLibDemoUITests */,
			);
		};
/* End PBXProject section */

/* Begin PBXResourcesBuildPhase section */
		E798647B1D17CD020074F8D2 /* Resources */ = {
			isa = PBXResourcesBuildPhase;
			buildActionMask = 2147483647;
			files = (
				E7006E5B1DDD9C9A0016D341 /* CYBack@3x.png in Resources */,
				E7006E6C1DDD9C9A0016D341 /* CYPhotoBrowserCell.xib in Resources */,
				E7006E6A1DDD9C9A0016D341 /* CYPhotoBottomCollectionViewCell.xib in Resources */,
				E7006E5A1DDD9C9A0016D341 /* CYBack@2x.png in Resources */,
				E79864901D17CD020074F8D2 /* LaunchScreen.storyboard in Resources */,
				E7006E5C1DDD9C9A0016D341 /* CYPhoto_circle@2x.png in Resources */,
				E7006E621DDD9C9A0016D341 /* CYPhoto_Tanhao.png in Resources */,
				E7006E601DDD9C9A0016D341 /* CYPhoto_selected@2x.png in Resources */,
				E7006E631DDD9C9A0016D341 /* CYPhoto_Tanhao@2x.png in Resources */,
				E7006E5E1DDD9C9A0016D341 /* CYPhoto_delete@2x.png in Resources */,
				E798648D1D17CD020074F8D2 /* Assets.xcassets in Resources */,
				E7006E611DDD9C9A0016D341 /* CYPhoto_selected@3x.png in Resources */,
				E7006E6E1DDD9C9A0016D341 /* CYPhotoBrowserFooter.xib in Resources */,
				E7006E671DDD9C9A0016D341 /* CYPhoto_unselected@3x.png in Resources */,
				E7006E651DDD9C9A0016D341 /* CYPhoto_unselected.png in Resources */,
				E7006E5D1DDD9C9A0016D341 /* CYPhoto_delete.png in Resources */,
				E7006E5F1DDD9C9A0016D341 /* CYPhoto_selected.png in Resources */,
				E7006E661DDD9C9A0016D341 /* CYPhoto_unselected@2x.png in Resources */,
				E7006E641DDD9C9A0016D341 /* CYPhoto_Tanhao@3x.png in Resources */,
				E798648B1D17CD020074F8D2 /* Main.storyboard in Resources */,
				E7006E551DDD9C9A0016D341 /* CYPhotoBrowserController.xib in Resources */,
			);
			runOnlyForDeploymentPostprocessing = 0;
		};
		E79864941D17CD020074F8D2 /* Resources */ = {
			isa = PBXResourcesBuildPhase;
			buildActionMask = 2147483647;
			files = (
			);
			runOnlyForDeploymentPostprocessing = 0;
		};
		E798649F1D17CD020074F8D2 /* Resources */ = {
			isa = PBXResourcesBuildPhase;
			buildActionMask = 2147483647;
			files = (
			);
			runOnlyForDeploymentPostprocessing = 0;
		};
/* End PBXResourcesBuildPhase section */

/* Begin PBXSourcesBuildPhase section */
		E79864791D17CD020074F8D2 /* Sources */ = {
			isa = PBXSourcesBuildPhase;
			buildActionMask = 2147483647;
			files = (
				E7006E6F1DDD9C9A0016D341 /* CYPhotoPicker.m in Sources */,
				E7006E521DDD9C9A0016D341 /* CYPhotoAblumListController.m in Sources */,
				E7006E591DDD9C9A0016D341 /* CYAblumInfo.m in Sources */,
				E7006E4D1DDD9C9A0016D341 /* UIButton+CYCreate.m in Sources */,
				E7006E531DDD9C9A0016D341 /* CYPhotoBaseController.m in Sources */,
				E7006E541DDD9C9A0016D341 /* CYPhotoBrowserController.m in Sources */,
				E7006E581DDD9C9A0016D341 /* CYPhotoManager.m in Sources */,
				E7006E6B1DDD9C9A0016D341 /* CYPhotoBrowserCell.m in Sources */,
				E7006E4C1DDD9C9A0016D341 /* NSString+CYPHChineseName.m in Sources */,
				E79864881D17CD020074F8D2 /* ViewController.m in Sources */,
				E7006E4F1DDD9C9A0016D341 /* UIView+CY_1pxLine.m in Sources */,
				E79864851D17CD020074F8D2 /* AppDelegate.m in Sources */,
				E7006E4E1DDD9C9A0016D341 /* UIImage+CYCutDown.m in Sources */,
				E7006E681DDD9C9A0016D341 /* CYPhotoAblumCell.m in Sources */,
				E7006E571DDD9C9A0016D341 /* CYPhotoCenter.m in Sources */,
				E7006E561DDD9C9A0016D341 /* CYPhotoNavigationViewController.m in Sources */,
				E7006E511DDD9C9A0016D341 /* UIView+CYRect.m in Sources */,
				E79864821D17CD020074F8D2 /* main.m in Sources */,
				E7006E691DDD9C9A0016D341 /* CYPhotoBottomCollectionViewCell.m in Sources */,
				E7006E6D1DDD9C9A0016D341 /* CYPhotoBrowserFooter.m in Sources */,
				E7006E501DDD9C9A0016D341 /* UIView+CYAnimation.m in Sources */,
			);
			runOnlyForDeploymentPostprocessing = 0;
		};
		E79864921D17CD020074F8D2 /* Sources */ = {
			isa = PBXSourcesBuildPhase;
			buildActionMask = 2147483647;
			files = (
				E798649B1D17CD020074F8D2 /* PhotoLibDemoTests.m in Sources */,
			);
			runOnlyForDeploymentPostprocessing = 0;
		};
		E798649D1D17CD020074F8D2 /* Sources */ = {
			isa = PBXSourcesBuildPhase;
			buildActionMask = 2147483647;
			files = (
				E79864A61D17CD020074F8D2 /* PhotoLibDemoUITests.m in Sources */,
			);
			runOnlyForDeploymentPostprocessing = 0;
		};
/* End PBXSourcesBuildPhase section */

/* Begin PBXTargetDependency section */
		E79864981D17CD020074F8D2 /* PBXTargetDependency */ = {
			isa = PBXTargetDependency;
			target = E798647C1D17CD020074F8D2 /* PhotoLibDemo */;
			targetProxy = E79864971D17CD020074F8D2 /* PBXContainerItemProxy */;
		};
		E79864A31D17CD020074F8D2 /* PBXTargetDependency */ = {
			isa = PBXTargetDependency;
			target = E798647C1D17CD020074F8D2 /* PhotoLibDemo */;
			targetProxy = E79864A21D17CD020074F8D2 /* PBXContainerItemProxy */;
		};
/* End PBXTargetDependency section */

/* Begin PBXVariantGroup section */
		E79864891D17CD020074F8D2 /* Main.storyboard */ = {
			isa = PBXVariantGroup;
			children = (
				E798648A1D17CD020074F8D2 /* Base */,
			);
			name = Main.storyboard;
			sourceTree = "<group>";
		};
		E798648E1D17CD020074F8D2 /* LaunchScreen.storyboard */ = {
			isa = PBXVariantGroup;
			children = (
				E798648F1D17CD020074F8D2 /* Base */,
			);
			name = LaunchScreen.storyboard;
			sourceTree = "<group>";
		};
/* End PBXVariantGroup section */

/* Begin XCBuildConfiguration section */
		E79864A81D17CD020074F8D2 /* Debug */ = {
			isa = XCBuildConfiguration;
			buildSettings = {
				ALWAYS_SEARCH_USER_PATHS = NO;
				CLANG_ANALYZER_NONNULL = YES;
				CLANG_CXX_LANGUAGE_STANDARD = "gnu++0x";
				CLANG_CXX_LIBRARY = "libc++";
				CLANG_ENABLE_MODULES = YES;
				CLANG_ENABLE_OBJC_ARC = YES;
				CLANG_WARN_BOOL_CONVERSION = YES;
				CLANG_WARN_CONSTANT_CONVERSION = YES;
				CLANG_WARN_DIRECT_OBJC_ISA_USAGE = YES_ERROR;
				CLANG_WARN_EMPTY_BODY = YES;
				CLANG_WARN_ENUM_CONVERSION = YES;
				CLANG_WARN_INFINITE_RECURSION = YES;
				CLANG_WARN_INT_CONVERSION = YES;
				CLANG_WARN_OBJC_ROOT_CLASS = YES_ERROR;
				CLANG_WARN_SUSPICIOUS_MOVE = YES;
				CLANG_WARN_UNREACHABLE_CODE = YES;
				CLANG_WARN__DUPLICATE_METHOD_MATCH = YES;
				"CODE_SIGN_IDENTITY[sdk=iphoneos*]" = "iPhone Developer";
				COPY_PHASE_STRIP = NO;
				DEBUG_INFORMATION_FORMAT = dwarf;
				ENABLE_STRICT_OBJC_MSGSEND = YES;
				ENABLE_TESTABILITY = YES;
				GCC_C_LANGUAGE_STANDARD = gnu99;
				GCC_DYNAMIC_NO_PIC = NO;
				GCC_NO_COMMON_BLOCKS = YES;
				GCC_OPTIMIZATION_LEVEL = 0;
				GCC_PREPROCESSOR_DEFINITIONS = (
					"DEBUG=1",
					"$(inherited)",
				);
				GCC_WARN_64_TO_32_BIT_CONVERSION = YES;
				GCC_WARN_ABOUT_RETURN_TYPE = YES_ERROR;
				GCC_WARN_UNDECLARED_SELECTOR = YES;
				GCC_WARN_UNINITIALIZED_AUTOS = YES_AGGRESSIVE;
				GCC_WARN_UNUSED_FUNCTION = YES;
				GCC_WARN_UNUSED_VARIABLE = YES;
				IPHONEOS_DEPLOYMENT_TARGET = 9.3;
				MTL_ENABLE_DEBUG_INFO = YES;
				ONLY_ACTIVE_ARCH = YES;
				SDKROOT = iphoneos;
			};
			name = Debug;
		};
		E79864A91D17CD020074F8D2 /* Release */ = {
			isa = XCBuildConfiguration;
			buildSettings = {
				ALWAYS_SEARCH_USER_PATHS = NO;
				CLANG_ANALYZER_NONNULL = YES;
				CLANG_CXX_LANGUAGE_STANDARD = "gnu++0x";
				CLANG_CXX_LIBRARY = "libc++";
				CLANG_ENABLE_MODULES = YES;
				CLANG_ENABLE_OBJC_ARC = YES;
				CLANG_WARN_BOOL_CONVERSION = YES;
				CLANG_WARN_CONSTANT_CONVERSION = YES;
				CLANG_WARN_DIRECT_OBJC_ISA_USAGE = YES_ERROR;
				CLANG_WARN_EMPTY_BODY = YES;
				CLANG_WARN_ENUM_CONVERSION = YES;
				CLANG_WARN_INFINITE_RECURSION = YES;
				CLANG_WARN_INT_CONVERSION = YES;
				CLANG_WARN_OBJC_ROOT_CLASS = YES_ERROR;
				CLANG_WARN_SUSPICIOUS_MOVE = YES;
				CLANG_WARN_UNREACHABLE_CODE = YES;
				CLANG_WARN__DUPLICATE_METHOD_MATCH = YES;
				"CODE_SIGN_IDENTITY[sdk=iphoneos*]" = "iPhone Developer";
				COPY_PHASE_STRIP = NO;
				DEBUG_INFORMATION_FORMAT = "dwarf-with-dsym";
				ENABLE_NS_ASSERTIONS = NO;
				ENABLE_STRICT_OBJC_MSGSEND = YES;
				GCC_C_LANGUAGE_STANDARD = gnu99;
				GCC_NO_COMMON_BLOCKS = YES;
				GCC_WARN_64_TO_32_BIT_CONVERSION = YES;
				GCC_WARN_ABOUT_RETURN_TYPE = YES_ERROR;
				GCC_WARN_UNDECLARED_SELECTOR = YES;
				GCC_WARN_UNINITIALIZED_AUTOS = YES_AGGRESSIVE;
				GCC_WARN_UNUSED_FUNCTION = YES;
				GCC_WARN_UNUSED_VARIABLE = YES;
				IPHONEOS_DEPLOYMENT_TARGET = 9.3;
				MTL_ENABLE_DEBUG_INFO = NO;
				SDKROOT = iphoneos;
				VALIDATE_PRODUCT = YES;
			};
			name = Release;
		};
		E79864AB1D17CD020074F8D2 /* Debug */ = {
			isa = XCBuildConfiguration;
			buildSettings = {
				ASSETCATALOG_COMPILER_APPICON_NAME = AppIcon;
				DEVELOPMENT_TEAM = 7ENE4DHQ7N;
				INFOPLIST_FILE = PhotoLibDemo/Info.plist;
				LD_RUNPATH_SEARCH_PATHS = "$(inherited) @executable_path/Frameworks";
				PRODUCT_BUNDLE_IDENTIFIER = com.Futurestar.PhotoLibDemo;
				PRODUCT_NAME = "$(TARGET_NAME)";
				TARGETED_DEVICE_FAMILY = "1,2";
			};
			name = Debug;
		};
		E79864AC1D17CD020074F8D2 /* Release */ = {
			isa = XCBuildConfiguration;
			buildSettings = {
				ASSETCATALOG_COMPILER_APPICON_NAME = AppIcon;
				DEVELOPMENT_TEAM = 7ENE4DHQ7N;
				INFOPLIST_FILE = PhotoLibDemo/Info.plist;
				LD_RUNPATH_SEARCH_PATHS = "$(inherited) @executable_path/Frameworks";
				PRODUCT_BUNDLE_IDENTIFIER = com.Futurestar.PhotoLibDemo;
				PRODUCT_NAME = "$(TARGET_NAME)";
				TARGETED_DEVICE_FAMILY = "1,2";
			};
			name = Release;
		};
		E79864AE1D17CD020074F8D2 /* Debug */ = {
			isa = XCBuildConfiguration;
			buildSettings = {
				BUNDLE_LOADER = "$(TEST_HOST)";
				INFOPLIST_FILE = PhotoLibDemoTests/Info.plist;
				LD_RUNPATH_SEARCH_PATHS = "$(inherited) @executable_path/Frameworks @loader_path/Frameworks";
				PRODUCT_BUNDLE_IDENTIFIER = com.Futurestar.PhotoLibDemoTests;
				PRODUCT_NAME = "$(TARGET_NAME)";
				TEST_HOST = "$(BUILT_PRODUCTS_DIR)/PhotoLibDemo.app/PhotoLibDemo";
			};
			name = Debug;
		};
		E79864AF1D17CD020074F8D2 /* Release */ = {
			isa = XCBuildConfiguration;
			buildSettings = {
				BUNDLE_LOADER = "$(TEST_HOST)";
				INFOPLIST_FILE = PhotoLibDemoTests/Info.plist;
				LD_RUNPATH_SEARCH_PATHS = "$(inherited) @executable_path/Frameworks @loader_path/Frameworks";
				PRODUCT_BUNDLE_IDENTIFIER = com.Futurestar.PhotoLibDemoTests;
				PRODUCT_NAME = "$(TARGET_NAME)";
				TEST_HOST = "$(BUILT_PRODUCTS_DIR)/PhotoLibDemo.app/PhotoLibDemo";
			};
			name = Release;
		};
		E79864B11D17CD020074F8D2 /* Debug */ = {
			isa = XCBuildConfiguration;
			buildSettings = {
				INFOPLIST_FILE = PhotoLibDemoUITests/Info.plist;
				LD_RUNPATH_SEARCH_PATHS = "$(inherited) @executable_path/Frameworks @loader_path/Frameworks";
				PRODUCT_BUNDLE_IDENTIFIER = com.Futurestar.PhotoLibDemoUITests;
				PRODUCT_NAME = "$(TARGET_NAME)";
				TEST_TARGET_NAME = PhotoLibDemo;
			};
			name = Debug;
		};
		E79864B21D17CD020074F8D2 /* Release */ = {
			isa = XCBuildConfiguration;
			buildSettings = {
				INFOPLIST_FILE = PhotoLibDemoUITests/Info.plist;
				LD_RUNPATH_SEARCH_PATHS = "$(inherited) @executable_path/Frameworks @loader_path/Frameworks";
				PRODUCT_BUNDLE_IDENTIFIER = com.Futurestar.PhotoLibDemoUITests;
				PRODUCT_NAME = "$(TARGET_NAME)";
				TEST_TARGET_NAME = PhotoLibDemo;
			};
			name = Release;
		};
/* End XCBuildConfiguration section */

/* Begin XCConfigurationList section */
		E79864781D17CD020074F8D2 /* Build configuration list for PBXProject "PhotoLibDemo" */ = {
			isa = XCConfigurationList;
			buildConfigurations = (
				E79864A81D17CD020074F8D2 /* Debug */,
				E79864A91D17CD020074F8D2 /* Release */,
			);
			defaultConfigurationIsVisible = 0;
			defaultConfigurationName = Release;
		};
		E79864AA1D17CD020074F8D2 /* Build configuration list for PBXNativeTarget "PhotoLibDemo" */ = {
			isa = XCConfigurationList;
			buildConfigurations = (
				E79864AB1D17CD020074F8D2 /* Debug */,
				E79864AC1D17CD020074F8D2 /* Release */,
			);
			defaultConfigurationIsVisible = 0;
			defaultConfigurationName = Release;
		};
		E79864AD1D17CD020074F8D2 /* Build configuration list for PBXNativeTarget "PhotoLibDemoTests" */ = {
			isa = XCConfigurationList;
			buildConfigurations = (
				E79864AE1D17CD020074F8D2 /* Debug */,
				E79864AF1D17CD020074F8D2 /* Release */,
			);
			defaultConfigurationIsVisible = 0;
			defaultConfigurationName = Release;
		};
		E79864B01D17CD020074F8D2 /* Build configuration list for PBXNativeTarget "PhotoLibDemoUITests" */ = {
			isa = XCConfigurationList;
			buildConfigurations = (
				E79864B11D17CD020074F8D2 /* Debug */,
				E79864B21D17CD020074F8D2 /* Release */,
			);
			defaultConfigurationIsVisible = 0;
			defaultConfigurationName = Release;
		};
/* End XCConfigurationList section */
	};
	rootObject = E79864751D17CD020074F8D2 /* Project object */;
}
