// !$*UTF8*$!
{
	archiveVersion = 1;
	classes = {
	};
	objectVersion = 46;
	objects = {

/* Begin PBXBuildFile section */
		E743BDA01DFA93BB001C4A35 /* NSString+CYPHChineseName.m in Sources */ = {isa = PBXBuildFile; fileRef = E743BD651DFA93BB001C4A35 /* NSString+CYPHChineseName.m */; };
		E743BDA11DFA93BB001C4A35 /* UIButton+CYCreate.m in Sources */ = {isa = PBXBuildFile; fileRef = E743BD671DFA93BB001C4A35 /* UIButton+CYCreate.m */; };
		E743BDA21DFA93BB001C4A35 /* UIImage+CYCutDown.m in Sources */ = {isa = PBXBuildFile; fileRef = E743BD691DFA93BB001C4A35 /* UIImage+CYCutDown.m */; };
		E743BDA31DFA93BB001C4A35 /* UIView+CY_1pxLine.m in Sources */ = {isa = PBXBuildFile; fileRef = E743BD6B1DFA93BB001C4A35 /* UIView+CY_1pxLine.m */; };
		E743BDA41DFA93BB001C4A35 /* UIView+CYAnimation.m in Sources */ = {isa = PBXBuildFile; fileRef = E743BD6D1DFA93BB001C4A35 /* UIView+CYAnimation.m */; };
		E743BDA51DFA93BB001C4A35 /* UIView+CYRect.m in Sources */ = {isa = PBXBuildFile; fileRef = E743BD6F1DFA93BB001C4A35 /* UIView+CYRect.m */; };
		E743BDA61DFA93BB001C4A35 /* CYPhotoAblumListController.m in Sources */ = {isa = PBXBuildFile; fileRef = E743BD721DFA93BB001C4A35 /* CYPhotoAblumListController.m */; };
		E743BDA71DFA93BB001C4A35 /* CYPhotoBaseController.m in Sources */ = {isa = PBXBuildFile; fileRef = E743BD741DFA93BB001C4A35 /* CYPhotoBaseController.m */; };
		E743BDA81DFA93BB001C4A35 /* CYPhotoBrowserController.m in Sources */ = {isa = PBXBuildFile; fileRef = E743BD761DFA93BB001C4A35 /* CYPhotoBrowserController.m */; };
		E743BDA91DFA93BB001C4A35 /* CYPhotoBrowserController.xib in Resources */ = {isa = PBXBuildFile; fileRef = E743BD771DFA93BB001C4A35 /* CYPhotoBrowserController.xib */; };
		E743BDAA1DFA93BB001C4A35 /* CYPhotoNavigationViewController.m in Sources */ = {isa = PBXBuildFile; fileRef = E743BD791DFA93BB001C4A35 /* CYPhotoNavigationViewController.m */; };
		E743BDAB1DFA93BB001C4A35 /* CYPhotoCenter.m in Sources */ = {isa = PBXBuildFile; fileRef = E743BD7D1DFA93BB001C4A35 /* CYPhotoCenter.m */; };
		E743BDAC1DFA93BB001C4A35 /* CYPhotoManager.m in Sources */ = {isa = PBXBuildFile; fileRef = E743BD7F1DFA93BB001C4A35 /* CYPhotoManager.m */; };
		E743BDAD1DFA93BB001C4A35 /* CYAblumInfo.m in Sources */ = {isa = PBXBuildFile; fileRef = E743BD821DFA93BB001C4A35 /* CYAblumInfo.m */; };
		E743BDAE1DFA93BB001C4A35 /* CYBack@2x.png in Resources */ = {isa = PBXBuildFile; fileRef = E743BD841DFA93BB001C4A35 /* CYBack@2x.png */; };
		E743BDAF1DFA93BB001C4A35 /* CYBack@3x.png in Resources */ = {isa = PBXBuildFile; fileRef = E743BD851DFA93BB001C4A35 /* CYBack@3x.png */; };
		E743BDB01DFA93BB001C4A35 /* CYPhoto_circle@2x.png in Resources */ = {isa = PBXBuildFile; fileRef = E743BD861DFA93BB001C4A35 /* CYPhoto_circle@2x.png */; };
		E743BDB11DFA93BB001C4A35 /* CYPhoto_delete.png in Resources */ = {isa = PBXBuildFile; fileRef = E743BD871DFA93BB001C4A35 /* CYPhoto_delete.png */; };
		E743BDB21DFA93BB001C4A35 /* CYPhoto_delete@2x.png in Resources */ = {isa = PBXBuildFile; fileRef = E743BD881DFA93BB001C4A35 /* CYPhoto_delete@2x.png */; };
		E743BDB31DFA93BB001C4A35 /* CYPhoto_selected.png in Resources */ = {isa = PBXBuildFile; fileRef = E743BD891DFA93BB001C4A35 /* CYPhoto_selected.png */; };
		E743BDB41DFA93BB001C4A35 /* CYPhoto_selected@2x.png in Resources */ = {isa = PBXBuildFile; fileRef = E743BD8A1DFA93BB001C4A35 /* CYPhoto_selected@2x.png */; };
		E743BDB51DFA93BB001C4A35 /* CYPhoto_selected@3x.png in Resources */ = {isa = PBXBuildFile; fileRef = E743BD8B1DFA93BB001C4A35 /* CYPhoto_selected@3x.png */; };
		E743BDB61DFA93BB001C4A35 /* CYPhoto_Tanhao.png in Resources */ = {isa = PBXBuildFile; fileRef = E743BD8C1DFA93BB001C4A35 /* CYPhoto_Tanhao.png */; };
		E743BDB71DFA93BB001C4A35 /* CYPhoto_Tanhao@2x.png in Resources */ = {isa = PBXBuildFile; fileRef = E743BD8D1DFA93BB001C4A35 /* CYPhoto_Tanhao@2x.png */; };
		E743BDB81DFA93BB001C4A35 /* CYPhoto_Tanhao@3x.png in Resources */ = {isa = PBXBuildFile; fileRef = E743BD8E1DFA93BB001C4A35 /* CYPhoto_Tanhao@3x.png */; };
		E743BDB91DFA93BB001C4A35 /* CYPhoto_unselected.png in Resources */ = {isa = PBXBuildFile; fileRef = E743BD8F1DFA93BB001C4A35 /* CYPhoto_unselected.png */; };
		E743BDBA1DFA93BB001C4A35 /* CYPhoto_unselected@2x.png in Resources */ = {isa = PBXBuildFile; fileRef = E743BD901DFA93BB001C4A35 /* CYPhoto_unselected@2x.png */; };
		E743BDBB1DFA93BB001C4A35 /* CYPhoto_unselected@3x.png in Resources */ = {isa = PBXBuildFile; fileRef = E743BD911DFA93BB001C4A35 /* CYPhoto_unselected@3x.png */; };
		E743BDBC1DFA93BB001C4A35 /* CYPhotoAblumCell.m in Sources */ = {isa = PBXBuildFile; fileRef = E743BD941DFA93BB001C4A35 /* CYPhotoAblumCell.m */; };
		E743BDBD1DFA93BB001C4A35 /* CYPhotoBottomCollectionViewCell.m in Sources */ = {isa = PBXBuildFile; fileRef = E743BD961DFA93BB001C4A35 /* CYPhotoBottomCollectionViewCell.m */; };
		E743BDBE1DFA93BB001C4A35 /* CYPhotoBottomCollectionViewCell.xib in Resources */ = {isa = PBXBuildFile; fileRef = E743BD971DFA93BB001C4A35 /* CYPhotoBottomCollectionViewCell.xib */; };
		E743BDBF1DFA93BB001C4A35 /* CYPhotoBrowserCell.m in Sources */ = {isa = PBXBuildFile; fileRef = E743BD991DFA93BB001C4A35 /* CYPhotoBrowserCell.m */; };
		E743BDC01DFA93BB001C4A35 /* CYPhotoBrowserCell.xib in Resources */ = {isa = PBXBuildFile; fileRef = E743BD9A1DFA93BB001C4A35 /* CYPhotoBrowserCell.xib */; };
		E743BDC11DFA93BB001C4A35 /* CYPhotoBrowserFooter.m in Sources */ = {isa = PBXBuildFile; fileRef = E743BD9C1DFA93BB001C4A35 /* CYPhotoBrowserFooter.m */; };
		E743BDC21DFA93BB001C4A35 /* CYPhotoBrowserFooter.xib in Resources */ = {isa = PBXBuildFile; fileRef = E743BD9D1DFA93BB001C4A35 /* CYPhotoBrowserFooter.xib */; };
		E743BDC31DFA93BB001C4A35 /* CYPhotoPicker.m in Sources */ = {isa = PBXBuildFile; fileRef = E743BD9F1DFA93BB001C4A35 /* CYPhotoPicker.m */; };
		E79864821D17CD020074F8D2 /* main.m in Sources */ = {isa = PBXBuildFile; fileRef = E79864811D17CD020074F8D2 /* main.m */; };
		E79864851D17CD020074F8D2 /* AppDelegate.m in Sources */ = {isa = PBXBuildFile; fileRef = E79864841D17CD020074F8D2 /* AppDelegate.m */; };
		E79864881D17CD020074F8D2 /* ViewController.m in Sources */ = {isa = PBXBuildFile; fileRef = E79864871D17CD020074F8D2 /* ViewController.m */; };
		E798648B1D17CD020074F8D2 /* Main.storyboard in Resources */ = {isa = PBXBuildFile; fileRef = E79864891D17CD020074F8D2 /* Main.storyboard */; };
		E798648D1D17CD020074F8D2 /* Assets.xcassets in Resources */ = {isa = PBXBuildFile; fileRef = E798648C1D17CD020074F8D2 /* Assets.xcassets */; };
		E79864901D17CD020074F8D2 /* LaunchScreen.storyboard in Resources */ = {isa = PBXBuildFile; fileRef = E798648E1D17CD020074F8D2 /* LaunchScreen.storyboard */; };
		E798649B1D17CD020074F8D2 /* PhotoLibDemoTests.m in Sources */ = {isa = PBXBuildFile; fileRef = E798649A1D17CD020074F8D2 /* PhotoLibDemoTests.m */; };
		E79864A61D17CD020074F8D2 /* PhotoLibDemoUITests.m in Sources */ = {isa = PBXBuildFile; fileRef = E79864A51D17CD020074F8D2 /* PhotoLibDemoUITests.m */; };
/* End PBXBuildFile section */

/* Begin PBXContainerItemProxy section */
		E79864971D17CD020074F8D2 /* PBXContainerItemProxy */ = {
			isa = PBXContainerItemProxy;
			containerPortal = E79864751D17CD020074F8D2 /* Project object */;
			proxyType = 1;
			remoteGlobalIDString = E798647C1D17CD020074F8D2;
			remoteInfo = PhotoLibDemo;
		};
		E79864A21D17CD020074F8D2 /* PBXContainerItemProxy */ = {
			isa = PBXContainerItemProxy;
			containerPortal = E79864751D17CD020074F8D2 /* Project object */;
			proxyType = 1;
			remoteGlobalIDString = E798647C1D17CD020074F8D2;
			remoteInfo = PhotoLibDemo;
		};
/* End PBXContainerItemProxy section */

/* Begin PBXFileReference section */
		E743BD601DFA93BB001C4A35 /* CYPhotoCommon.h */ = {isa = PBXFileReference; fileEncoding = 4; lastKnownFileType = sourcecode.c.h; path = CYPhotoCommon.h; sourceTree = "<group>"; };
		E743BD611DFA93BB001C4A35 /* CYPhotoLib.h */ = {isa = PBXFileReference; fileEncoding = 4; lastKnownFileType = sourcecode.c.h; path = CYPhotoLib.h; sourceTree = "<group>"; };
		E743BD641DFA93BB001C4A35 /* NSString+CYPHChineseName.h */ = {isa = PBXFileReference; fileEncoding = 4; lastKnownFileType = sourcecode.c.h; path = "NSString+CYPHChineseName.h"; sourceTree = "<group>"; };
		E743BD651DFA93BB001C4A35 /* NSString+CYPHChineseName.m */ = {isa = PBXFileReference; fileEncoding = 4; lastKnownFileType = sourcecode.c.objc; path = "NSString+CYPHChineseName.m"; sourceTree = "<group>"; };
		E743BD661DFA93BB001C4A35 /* UIButton+CYCreate.h */ = {isa = PBXFileReference; fileEncoding = 4; lastKnownFileType = sourcecode.c.h; path = "UIButton+CYCreate.h"; sourceTree = "<group>"; };
		E743BD671DFA93BB001C4A35 /* UIButton+CYCreate.m */ = {isa = PBXFileReference; fileEncoding = 4; lastKnownFileType = sourcecode.c.objc; path = "UIButton+CYCreate.m"; sourceTree = "<group>"; };
		E743BD681DFA93BB001C4A35 /* UIImage+CYCutDown.h */ = {isa = PBXFileReference; fileEncoding = 4; lastKnownFileType = sourcecode.c.h; path = "UIImage+CYCutDown.h"; sourceTree = "<group>"; };
		E743BD691DFA93BB001C4A35 /* UIImage+CYCutDown.m */ = {isa = PBXFileReference; fileEncoding = 4; lastKnownFileType = sourcecode.c.objc; path = "UIImage+CYCutDown.m"; sourceTree = "<group>"; };
		E743BD6A1DFA93BB001C4A35 /* UIView+CY_1pxLine.h */ = {isa = PBXFileReference; fileEncoding = 4; lastKnownFileType = sourcecode.c.h; path = "UIView+CY_1pxLine.h"; sourceTree = "<group>"; };
		E743BD6B1DFA93BB001C4A35 /* UIView+CY_1pxLine.m */ = {isa = PBXFileReference; fileEncoding = 4; lastKnownFileType = sourcecode.c.objc; path = "UIView+CY_1pxLine.m"; sourceTree = "<group>"; };
		E743BD6C1DFA93BB001C4A35 /* UIView+CYAnimation.h */ = {isa = PBXFileReference; fileEncoding = 4; lastKnownFileType = sourcecode.c.h; path = "UIView+CYAnimation.h"; sourceTree = "<group>"; };
		E743BD6D1DFA93BB001C4A35 /* UIView+CYAnimation.m */ = {isa = PBXFileReference; fileEncoding = 4; lastKnownFileType = sourcecode.c.objc; path = "UIView+CYAnimation.m"; sourceTree = "<group>"; };
		E743BD6E1DFA93BB001C4A35 /* UIView+CYRect.h */ = {isa = PBXFileReference; fileEncoding = 4; lastKnownFileType = sourcecode.c.h; path = "UIView+CYRect.h"; sourceTree = "<group>"; };
		E743BD6F1DFA93BB001C4A35 /* UIView+CYRect.m */ = {isa = PBXFileReference; fileEncoding = 4; lastKnownFileType = sourcecode.c.objc; path = "UIView+CYRect.m"; sourceTree = "<group>"; };
		E743BD711DFA93BB001C4A35 /* CYPhotoAblumListController.h */ = {isa = PBXFileReference; fileEncoding = 4; lastKnownFileType = sourcecode.c.h; path = CYPhotoAblumListController.h; sourceTree = "<group>"; };
		E743BD721DFA93BB001C4A35 /* CYPhotoAblumListController.m */ = {isa = PBXFileReference; fileEncoding = 4; lastKnownFileType = sourcecode.c.objc; path = CYPhotoAblumListController.m; sourceTree = "<group>"; };
		E743BD731DFA93BB001C4A35 /* CYPhotoBaseController.h */ = {isa = PBXFileReference; fileEncoding = 4; lastKnownFileType = sourcecode.c.h; path = CYPhotoBaseController.h; sourceTree = "<group>"; };
		E743BD741DFA93BB001C4A35 /* CYPhotoBaseController.m */ = {isa = PBXFileReference; fileEncoding = 4; lastKnownFileType = sourcecode.c.objc; path = CYPhotoBaseController.m; sourceTree = "<group>"; };
		E743BD751DFA93BB001C4A35 /* CYPhotoBrowserController.h */ = {isa = PBXFileReference; fileEncoding = 4; lastKnownFileType = sourcecode.c.h; path = CYPhotoBrowserController.h; sourceTree = "<group>"; };
		E743BD761DFA93BB001C4A35 /* CYPhotoBrowserController.m */ = {isa = PBXFileReference; fileEncoding = 4; lastKnownFileType = sourcecode.c.objc; path = CYPhotoBrowserController.m; sourceTree = "<group>"; };
		E743BD771DFA93BB001C4A35 /* CYPhotoBrowserController.xib */ = {isa = PBXFileReference; fileEncoding = 4; lastKnownFileType = file.xib; path = CYPhotoBrowserController.xib; sourceTree = "<group>"; };
		E743BD781DFA93BB001C4A35 /* CYPhotoNavigationViewController.h */ = {isa = PBXFileReference; fileEncoding = 4; lastKnownFileType = sourcecode.c.h; path = CYPhotoNavigationViewController.h; sourceTree = "<group>"; };
		E743BD791DFA93BB001C4A35 /* CYPhotoNavigationViewController.m */ = {isa = PBXFileReference; fileEncoding = 4; lastKnownFileType = sourcecode.c.objc; path = CYPhotoNavigationViewController.m; sourceTree = "<group>"; };
		E743BD7A1DFA93BB001C4A35 /* CYPhotoHeader.h */ = {isa = PBXFileReference; fileEncoding = 4; lastKnownFileType = sourcecode.c.h; path = CYPhotoHeader.h; sourceTree = "<group>"; };
		E743BD7C1DFA93BB001C4A35 /* CYPhotoCenter.h */ = {isa = PBXFileReference; fileEncoding = 4; lastKnownFileType = sourcecode.c.h; path = CYPhotoCenter.h; sourceTree = "<group>"; };
		E743BD7D1DFA93BB001C4A35 /* CYPhotoCenter.m */ = {isa = PBXFileReference; fileEncoding = 4; lastKnownFileType = sourcecode.c.objc; path = CYPhotoCenter.m; sourceTree = "<group>"; };
		E743BD7E1DFA93BB001C4A35 /* CYPhotoManager.h */ = {isa = PBXFileReference; fileEncoding = 4; lastKnownFileType = sourcecode.c.h; path = CYPhotoManager.h; sourceTree = "<group>"; };
		E743BD7F1DFA93BB001C4A35 /* CYPhotoManager.m */ = {isa = PBXFileReference; fileEncoding = 4; lastKnownFileType = sourcecode.c.objc; path = CYPhotoManager.m; sourceTree = "<group>"; };
		E743BD811DFA93BB001C4A35 /* CYAblumInfo.h */ = {isa = PBXFileReference; fileEncoding = 4; lastKnownFileType = sourcecode.c.h; path = CYAblumInfo.h; sourceTree = "<group>"; };
		E743BD821DFA93BB001C4A35 /* CYAblumInfo.m */ = {isa = PBXFileReference; fileEncoding = 4; lastKnownFileType = sourcecode.c.objc; path = CYAblumInfo.m; sourceTree = "<group>"; };
		E743BD841DFA93BB001C4A35 /* CYBack@2x.png */ = {isa = PBXFileReference; lastKnownFileType = image.png; path = "CYBack@2x.png"; sourceTree = "<group>"; };
		E743BD851DFA93BB001C4A35 /* CYBack@3x.png */ = {isa = PBXFileReference; lastKnownFileType = image.png; path = "CYBack@3x.png"; sourceTree = "<group>"; };
		E743BD861DFA93BB001C4A35 /* CYPhoto_circle@2x.png */ = {isa = PBXFileReference; lastKnownFileType = image.png; path = "CYPhoto_circle@2x.png"; sourceTree = "<group>"; };
		E743BD871DFA93BB001C4A35 /* CYPhoto_delete.png */ = {isa = PBXFileReference; lastKnownFileType = image.png; path = CYPhoto_delete.png; sourceTree = "<group>"; };
		E743BD881DFA93BB001C4A35 /* CYPhoto_delete@2x.png */ = {isa = PBXFileReference; lastKnownFileType = image.png; path = "CYPhoto_delete@2x.png"; sourceTree = "<group>"; };
		E743BD891DFA93BB001C4A35 /* CYPhoto_selected.png */ = {isa = PBXFileReference; lastKnownFileType = image.png; path = CYPhoto_selected.png; sourceTree = "<group>"; };
		E743BD8A1DFA93BB001C4A35 /* CYPhoto_selected@2x.png */ = {isa = PBXFileReference; lastKnownFileType = image.png; path = "CYPhoto_selected@2x.png"; sourceTree = "<group>"; };
		E743BD8B1DFA93BB001C4A35 /* CYPhoto_selected@3x.png */ = {isa = PBXFileReference; lastKnownFileType = image.png; path = "CYPhoto_selected@3x.png"; sourceTree = "<group>"; };
		E743BD8C1DFA93BB001C4A35 /* CYPhoto_Tanhao.png */ = {isa = PBXFileReference; lastKnownFileType = image.png; path = CYPhoto_Tanhao.png; sourceTree = "<group>"; };
		E743BD8D1DFA93BB001C4A35 /* CYPhoto_Tanhao@2x.png */ = {isa = PBXFileReference; lastKnownFileType = image.png; path = "CYPhoto_Tanhao@2x.png"; sourceTree = "<group>"; };
		E743BD8E1DFA93BB001C4A35 /* CYPhoto_Tanhao@3x.png */ = {isa = PBXFileReference; lastKnownFileType = image.png; path = "CYPhoto_Tanhao@3x.png"; sourceTree = "<group>"; };
		E743BD8F1DFA93BB001C4A35 /* CYPhoto_unselected.png */ = {isa = PBXFileReference; lastKnownFileType = image.png; path = CYPhoto_unselected.png; sourceTree = "<group>"; };
		E743BD901DFA93BB001C4A35 /* CYPhoto_unselected@2x.png */ = {isa = PBXFileReference; lastKnownFileType = image.png; path = "CYPhoto_unselected@2x.png"; sourceTree = "<group>"; };
		E743BD911DFA93BB001C4A35 /* CYPhoto_unselected@3x.png */ = {isa = PBXFileReference; lastKnownFileType = image.png; path = "CYPhoto_unselected@3x.png"; sourceTree = "<group>"; };
		E743BD931DFA93BB001C4A35 /* CYPhotoAblumCell.h */ = {isa = PBXFileReference; fileEncoding = 4; lastKnownFileType = sourcecode.c.h; path = CYPhotoAblumCell.h; sourceTree = "<group>"; };
		E743BD941DFA93BB001C4A35 /* CYPhotoAblumCell.m */ = {isa = PBXFileReference; fileEncoding = 4; lastKnownFileType = sourcecode.c.objc; path = CYPhotoAblumCell.m; sourceTree = "<group>"; };
		E743BD951DFA93BB001C4A35 /* CYPhotoBottomCollectionViewCell.h */ = {isa = PBXFileReference; fileEncoding = 4; lastKnownFileType = sourcecode.c.h; path = CYPhotoBottomCollectionViewCell.h; sourceTree = "<group>"; };
		E743BD961DFA93BB001C4A35 /* CYPhotoBottomCollectionViewCell.m */ = {isa = PBXFileReference; fileEncoding = 4; lastKnownFileType = sourcecode.c.objc; path = CYPhotoBottomCollectionViewCell.m; sourceTree = "<group>"; };
		E743BD971DFA93BB001C4A35 /* CYPhotoBottomCollectionViewCell.xib */ = {isa = PBXFileReference; fileEncoding = 4; lastKnownFileType = file.xib; path = CYPhotoBottomCollectionViewCell.xib; sourceTree = "<group>"; };
		E743BD981DFA93BB001C4A35 /* CYPhotoBrowserCell.h */ = {isa = PBXFileReference; fileEncoding = 4; lastKnownFileType = sourcecode.c.h; path = CYPhotoBrowserCell.h; sourceTree = "<group>"; };
		E743BD991DFA93BB001C4A35 /* CYPhotoBrowserCell.m */ = {isa = PBXFileReference; fileEncoding = 4; lastKnownFileType = sourcecode.c.objc; path = CYPhotoBrowserCell.m; sourceTree = "<group>"; };
		E743BD9A1DFA93BB001C4A35 /* CYPhotoBrowserCell.xib */ = {isa = PBXFileReference; fileEncoding = 4; lastKnownFileType = file.xib; path = CYPhotoBrowserCell.xib; sourceTree = "<group>"; };
		E743BD9B1DFA93BB001C4A35 /* CYPhotoBrowserFooter.h */ = {isa = PBXFileReference; fileEncoding = 4; lastKnownFileType = sourcecode.c.h; path = CYPhotoBrowserFooter.h; sourceTree = "<group>"; };
		E743BD9C1DFA93BB001C4A35 /* CYPhotoBrowserFooter.m */ = {isa = PBXFileReference; fileEncoding = 4; lastKnownFileType = sourcecode.c.objc; path = CYPhotoBrowserFooter.m; sourceTree = "<group>"; };
		E743BD9D1DFA93BB001C4A35 /* CYPhotoBrowserFooter.xib */ = {isa = PBXFileReference; fileEncoding = 4; lastKnownFileType = file.xib; path = CYPhotoBrowserFooter.xib; sourceTree = "<group>"; };
		E743BD9E1DFA93BB001C4A35 /* CYPhotoPicker.h */ = {isa = PBXFileReference; fileEncoding = 4; lastKnownFileType = sourcecode.c.h; path = CYPhotoPicker.h; sourceTree = "<group>"; };
		E743BD9F1DFA93BB001C4A35 /* CYPhotoPicker.m */ = {isa = PBXFileReference; fileEncoding = 4; lastKnownFileType = sourcecode.c.objc; path = CYPhotoPicker.m; sourceTree = "<group>"; };
		E798647D1D17CD020074F8D2 /* PhotoLibDemo.app */ = {isa = PBXFileReference; explicitFileType = wrapper.application; includeInIndex = 0; path = PhotoLibDemo.app; sourceTree = BUILT_PRODUCTS_DIR; };
		E79864811D17CD020074F8D2 /* main.m */ = {isa = PBXFileReference; lastKnownFileType = sourcecode.c.objc; path = main.m; sourceTree = "<group>"; };
		E79864831D17CD020074F8D2 /* AppDelegate.h */ = {isa = PBXFileReference; lastKnownFileType = sourcecode.c.h; path = AppDelegate.h; sourceTree = "<group>"; };
		E79864841D17CD020074F8D2 /* AppDelegate.m */ = {isa = PBXFileReference; lastKnownFileType = sourcecode.c.objc; path = AppDelegate.m; sourceTree = "<group>"; };
		E79864861D17CD020074F8D2 /* ViewController.h */ = {isa = PBXFileReference; lastKnownFileType = sourcecode.c.h; path = ViewController.h; sourceTree = "<group>"; };
		E79864871D17CD020074F8D2 /* ViewController.m */ = {isa = PBXFileReference; lastKnownFileType = sourcecode.c.objc; path = ViewController.m; sourceTree = "<group>"; };
		E798648A1D17CD020074F8D2 /* Base */ = {isa = PBXFileReference; lastKnownFileType = file.storyboard; name = Base; path = Base.lproj/Main.storyboard; sourceTree = "<group>"; };
		E798648C1D17CD020074F8D2 /* Assets.xcassets */ = {isa = PBXFileReference; lastKnownFileType = folder.assetcatalog; path = Assets.xcassets; sourceTree = "<group>"; };
		E798648F1D17CD020074F8D2 /* Base */ = {isa = PBXFileReference; lastKnownFileType = file.storyboard; name = Base; path = Base.lproj/LaunchScreen.storyboard; sourceTree = "<group>"; };
		E79864911D17CD020074F8D2 /* Info.plist */ = {isa = PBXFileReference; lastKnownFileType = text.plist.xml; path = Info.plist; sourceTree = "<group>"; };
		E79864961D17CD020074F8D2 /* PhotoLibDemoTests.xctest */ = {isa = PBXFileReference; explicitFileType = wrapper.cfbundle; includeInIndex = 0; path = PhotoLibDemoTests.xctest; sourceTree = BUILT_PRODUCTS_DIR; };
		E798649A1D17CD020074F8D2 /* PhotoLibDemoTests.m */ = {isa = PBXFileReference; lastKnownFileType = sourcecode.c.objc; path = PhotoLibDemoTests.m; sourceTree = "<group>"; };
		E798649C1D17CD020074F8D2 /* Info.plist */ = {isa = PBXFileReference; lastKnownFileType = text.plist.xml; path = Info.plist; sourceTree = "<group>"; };
		E79864A11D17CD020074F8D2 /* PhotoLibDemoUITests.xctest */ = {isa = PBXFileReference; explicitFileType = wrapper.cfbundle; includeInIndex = 0; path = PhotoLibDemoUITests.xctest; sourceTree = BUILT_PRODUCTS_DIR; };
		E79864A51D17CD020074F8D2 /* PhotoLibDemoUITests.m */ = {isa = PBXFileReference; lastKnownFileType = sourcecode.c.objc; path = PhotoLibDemoUITests.m; sourceTree = "<group>"; };
		E79864A71D17CD020074F8D2 /* Info.plist */ = {isa = PBXFileReference; lastKnownFileType = text.plist.xml; path = Info.plist; sourceTree = "<group>"; };
/* End PBXFileReference section */

/* Begin PBXFrameworksBuildPhase section */
		E798647A1D17CD020074F8D2 /* Frameworks */ = {
			isa = PBXFrameworksBuildPhase;
			buildActionMask = 2147483647;
			files = (
			);
			runOnlyForDeploymentPostprocessing = 0;
		};
		E79864931D17CD020074F8D2 /* Frameworks */ = {
			isa = PBXFrameworksBuildPhase;
			buildActionMask = 2147483647;
			files = (
			);
			runOnlyForDeploymentPostprocessing = 0;
		};
		E798649E1D17CD020074F8D2 /* Frameworks */ = {
			isa = PBXFrameworksBuildPhase;
			buildActionMask = 2147483647;
			files = (
			);
			runOnlyForDeploymentPostprocessing = 0;
		};
/* End PBXFrameworksBuildPhase section */

/* Begin PBXGroup section */
		E743BD5E1DFA93BB001C4A35 /* CYPhotoLib */ = {
			isa = PBXGroup;
			children = (
				E743BD5F1DFA93BB001C4A35 /* Classes */,
			);
			name = CYPhotoLib;
			path = ../../CYPhotoLib;
			sourceTree = "<group>";
		};
		E743BD5F1DFA93BB001C4A35 /* Classes */ = {
			isa = PBXGroup;
			children = (
				E743BD601DFA93BB001C4A35 /* CYPhotoCommon.h */,
				E743BD611DFA93BB001C4A35 /* CYPhotoLib.h */,
				E743BD621DFA93BB001C4A35 /* CYPhotoPicker */,
				E743BD9E1DFA93BB001C4A35 /* CYPhotoPicker.h */,
				E743BD9F1DFA93BB001C4A35 /* CYPhotoPicker.m */,
			);
			path = Classes;
			sourceTree = "<group>";
		};
		E743BD621DFA93BB001C4A35 /* CYPhotoPicker */ = {
			isa = PBXGroup;
			children = (
				E743BD631DFA93BB001C4A35 /* Category */,
				E743BD701DFA93BB001C4A35 /* Controller */,
				E743BD7A1DFA93BB001C4A35 /* CYPhotoHeader.h */,
				E743BD7B1DFA93BB001C4A35 /* Manager */,
				E743BD801DFA93BB001C4A35 /* Model */,
				E743BD831DFA93BB001C4A35 /* Resource */,
				E743BD921DFA93BB001C4A35 /* View */,
			);
			path = CYPhotoPicker;
			sourceTree = "<group>";
		};
		E743BD631DFA93BB001C4A35 /* Category */ = {
			isa = PBXGroup;
			children = (
				E743BD641DFA93BB001C4A35 /* NSString+CYPHChineseName.h */,
				E743BD651DFA93BB001C4A35 /* NSString+CYPHChineseName.m */,
				E743BD661DFA93BB001C4A35 /* UIButton+CYCreate.h */,
				E743BD671DFA93BB001C4A35 /* UIButton+CYCreate.m */,
				E743BD681DFA93BB001C4A35 /* UIImage+CYCutDown.h */,
				E743BD691DFA93BB001C4A35 /* UIImage+CYCutDown.m */,
				E743BD6A1DFA93BB001C4A35 /* UIView+CY_1pxLine.h */,
				E743BD6B1DFA93BB001C4A35 /* UIView+CY_1pxLine.m */,
				E743BD6C1DFA93BB001C4A35 /* UIView+CYAnimation.h */,
				E743BD6D1DFA93BB001C4A35 /* UIView+CYAnimation.m */,
				E743BD6E1DFA93BB001C4A35 /* UIView+CYRect.h */,
				E743BD6F1DFA93BB001C4A35 /* UIView+CYRect.m */,
			);
			path = Category;
			sourceTree = "<group>";
		};
		E743BD701DFA93BB001C4A35 /* Controller */ = {
			isa = PBXGroup;
			children = (
				E743BD711DFA93BB001C4A35 /* CYPhotoAblumListController.h */,
				E743BD721DFA93BB001C4A35 /* CYPhotoAblumListController.m */,
				E743BD731DFA93BB001C4A35 /* CYPhotoBaseController.h */,
				E743BD741DFA93BB001C4A35 /* CYPhotoBaseController.m */,
				E743BD751DFA93BB001C4A35 /* CYPhotoBrowserController.h */,
				E743BD761DFA93BB001C4A35 /* CYPhotoBrowserController.m */,
				E743BD771DFA93BB001C4A35 /* CYPhotoBrowserController.xib */,
				E743BD781DFA93BB001C4A35 /* CYPhotoNavigationViewController.h */,
				E743BD791DFA93BB001C4A35 /* CYPhotoNavigationViewController.m */,
			);
			path = Controller;
			sourceTree = "<group>";
		};
		E743BD7B1DFA93BB001C4A35 /* Manager */ = {
			isa = PBXGroup;
			children = (
				E743BD7C1DFA93BB001C4A35 /* CYPhotoCenter.h */,
				E743BD7D1DFA93BB001C4A35 /* CYPhotoCenter.m */,
				E743BD7E1DFA93BB001C4A35 /* CYPhotoManager.h */,
				E743BD7F1DFA93BB001C4A35 /* CYPhotoManager.m */,
			);
			path = Manager;
			sourceTree = "<group>";
		};
		E743BD801DFA93BB001C4A35 /* Model */ = {
			isa = PBXGroup;
			children = (
				E743BD811DFA93BB001C4A35 /* CYAblumInfo.h */,
				E743BD821DFA93BB001C4A35 /* CYAblumInfo.m */,
			);
			path = Model;
			sourceTree = "<group>";
		};
		E743BD831DFA93BB001C4A35 /* Resource */ = {
			isa = PBXGroup;
			children = (
				E743BD841DFA93BB001C4A35 /* CYBack@2x.png */,
				E743BD851DFA93BB001C4A35 /* CYBack@3x.png */,
				E743BD861DFA93BB001C4A35 /* CYPhoto_circle@2x.png */,
				E743BD871DFA93BB001C4A35 /* CYPhoto_delete.png */,
				E743BD881DFA93BB001C4A35 /* CYPhoto_delete@2x.png */,
				E743BD891DFA93BB001C4A35 /* CYPhoto_selected.png */,
				E743BD8A1DFA93BB001C4A35 /* CYPhoto_selected@2x.png */,
				E743BD8B1DFA93BB001C4A35 /* CYPhoto_selected@3x.png */,
				E743BD8C1DFA93BB001C4A35 /* CYPhoto_Tanhao.png */,
				E743BD8D1DFA93BB001C4A35 /* CYPhoto_Tanhao@2x.png */,
				E743BD8E1DFA93BB001C4A35 /* CYPhoto_Tanhao@3x.png */,
				E743BD8F1DFA93BB001C4A35 /* CYPhoto_unselected.png */,
				E743BD901DFA93BB001C4A35 /* CYPhoto_unselected@2x.png */,
				E743BD911DFA93BB001C4A35 /* CYPhoto_unselected@3x.png */,
			);
			path = Resource;
			sourceTree = "<group>";
		};
		E743BD921DFA93BB001C4A35 /* View */ = {
			isa = PBXGroup;
			children = (
				E743BD931DFA93BB001C4A35 /* CYPhotoAblumCell.h */,
				E743BD941DFA93BB001C4A35 /* CYPhotoAblumCell.m */,
				E743BD951DFA93BB001C4A35 /* CYPhotoBottomCollectionViewCell.h */,
				E743BD961DFA93BB001C4A35 /* CYPhotoBottomCollectionViewCell.m */,
				E743BD971DFA93BB001C4A35 /* CYPhotoBottomCollectionViewCell.xib */,
				E743BD981DFA93BB001C4A35 /* CYPhotoBrowserCell.h */,
				E743BD991DFA93BB001C4A35 /* CYPhotoBrowserCell.m */,
				E743BD9A1DFA93BB001C4A35 /* CYPhotoBrowserCell.xib */,
				E743BD9B1DFA93BB001C4A35 /* CYPhotoBrowserFooter.h */,
				E743BD9C1DFA93BB001C4A35 /* CYPhotoBrowserFooter.m */,
				E743BD9D1DFA93BB001C4A35 /* CYPhotoBrowserFooter.xib */,
			);
			path = View;
			sourceTree = "<group>";
		};
		E79864741D17CD020074F8D2 = {
			isa = PBXGroup;
			children = (
				E798647F1D17CD020074F8D2 /* PhotoLibDemo */,
				E79864991D17CD020074F8D2 /* PhotoLibDemoTests */,
				E79864A41D17CD020074F8D2 /* PhotoLibDemoUITests */,
				E798647E1D17CD020074F8D2 /* Products */,
			);
			sourceTree = "<group>";
		};
		E798647E1D17CD020074F8D2 /* Products */ = {
			isa = PBXGroup;
			children = (
				E798647D1D17CD020074F8D2 /* PhotoLibDemo.app */,
				E79864961D17CD020074F8D2 /* PhotoLibDemoTests.xctest */,
				E79864A11D17CD020074F8D2 /* PhotoLibDemoUITests.xctest */,
			);
			name = Products;
			sourceTree = "<group>";
		};
		E798647F1D17CD020074F8D2 /* PhotoLibDemo */ = {
			isa = PBXGroup;
			children = (
				E743BD5E1DFA93BB001C4A35 /* CYPhotoLib */,
				E79864831D17CD020074F8D2 /* AppDelegate.h */,
				E79864841D17CD020074F8D2 /* AppDelegate.m */,
				E79864861D17CD020074F8D2 /* ViewController.h */,
				E79864871D17CD020074F8D2 /* ViewController.m */,
				E79864891D17CD020074F8D2 /* Main.storyboard */,
				E798648C1D17CD020074F8D2 /* Assets.xcassets */,
				E798648E1D17CD020074F8D2 /* LaunchScreen.storyboard */,
				E79864911D17CD020074F8D2 /* Info.plist */,
				E79864801D17CD020074F8D2 /* Supporting Files */,
			);
			path = PhotoLibDemo;
			sourceTree = "<group>";
		};
		E79864801D17CD020074F8D2 /* Supporting Files */ = {
			isa = PBXGroup;
			children = (
				E79864811D17CD020074F8D2 /* main.m */,
			);
			name = "Supporting Files";
			sourceTree = "<group>";
		};
		E79864991D17CD020074F8D2 /* PhotoLibDemoTests */ = {
			isa = PBXGroup;
			children = (
				E798649A1D17CD020074F8D2 /* PhotoLibDemoTests.m */,
				E798649C1D17CD020074F8D2 /* Info.plist */,
			);
			path = PhotoLibDemoTests;
			sourceTree = "<group>";
		};
		E79864A41D17CD020074F8D2 /* PhotoLibDemoUITests */ = {
			isa = PBXGroup;
			children = (
				E79864A51D17CD020074F8D2 /* PhotoLibDemoUITests.m */,
				E79864A71D17CD020074F8D2 /* Info.plist */,
			);
			path = PhotoLibDemoUITests;
			sourceTree = "<group>";
		};
/* End PBXGroup section */

/* Begin PBXNativeTarget section */
		E798647C1D17CD020074F8D2 /* PhotoLibDemo */ = {
			isa = PBXNativeTarget;
			buildConfigurationList = E79864AA1D17CD020074F8D2 /* Build configuration list for PBXNativeTarget "PhotoLibDemo" */;
			buildPhases = (
				E79864791D17CD020074F8D2 /* Sources */,
				E798647A1D17CD020074F8D2 /* Frameworks */,
				E798647B1D17CD020074F8D2 /* Resources */,
			);
			buildRules = (
			);
			dependencies = (
			);
			name = PhotoLibDemo;
			productName = PhotoLibDemo;
			productReference = E798647D1D17CD020074F8D2 /* PhotoLibDemo.app */;
			productType = "com.apple.product-type.application";
		};
		E79864951D17CD020074F8D2 /* PhotoLibDemoTests */ = {
			isa = PBXNativeTarget;
			buildConfigurationList = E79864AD1D17CD020074F8D2 /* Build configuration list for PBXNativeTarget "PhotoLibDemoTests" */;
			buildPhases = (
				E79864921D17CD020074F8D2 /* Sources */,
				E79864931D17CD020074F8D2 /* Frameworks */,
				E79864941D17CD020074F8D2 /* Resources */,
			);
			buildRules = (
			);
			dependencies = (
				E79864981D17CD020074F8D2 /* PBXTargetDependency */,
			);
			name = PhotoLibDemoTests;
			productName = PhotoLibDemoTests;
			productReference = E79864961D17CD020074F8D2 /* PhotoLibDemoTests.xctest */;
			productType = "com.apple.product-type.bundle.unit-test";
		};
		E79864A01D17CD020074F8D2 /* PhotoLibDemoUITests */ = {
			isa = PBXNativeTarget;
			buildConfigurationList = E79864B01D17CD020074F8D2 /* Build configuration list for PBXNativeTarget "PhotoLibDemoUITests" */;
			buildPhases = (
				E798649D1D17CD020074F8D2 /* Sources */,
				E798649E1D17CD020074F8D2 /* Frameworks */,
				E798649F1D17CD020074F8D2 /* Resources */,
			);
			buildRules = (
			);
			dependencies = (
				E79864A31D17CD020074F8D2 /* PBXTargetDependency */,
			);
			name = PhotoLibDemoUITests;
			productName = PhotoLibDemoUITests;
			productReference = E79864A11D17CD020074F8D2 /* PhotoLibDemoUITests.xctest */;
			productType = "com.apple.product-type.bundle.ui-testing";
		};
/* End PBXNativeTarget section */

/* Begin PBXProject section */
		E79864751D17CD020074F8D2 /* Project object */ = {
			isa = PBXProject;
			attributes = {
				LastUpgradeCheck = 0800;
				ORGANIZATIONNAME = Cyrill;
				TargetAttributes = {
					E798647C1D17CD020074F8D2 = {
						CreatedOnToolsVersion = 7.3.1;
						DevelopmentTeam = 7ENE4DHQ7N;
					};
					E79864951D17CD020074F8D2 = {
						CreatedOnToolsVersion = 7.3.1;
						TestTargetID = E798647C1D17CD020074F8D2;
					};
					E79864A01D17CD020074F8D2 = {
						CreatedOnToolsVersion = 7.3.1;
						TestTargetID = E798647C1D17CD020074F8D2;
					};
				};
			};
			buildConfigurationList = E79864781D17CD020074F8D2 /* Build configuration list for PBXProject "PhotoLibDemo" */;
			compatibilityVersion = "Xcode 3.2";
			developmentRegion = English;
			hasScannedForEncodings = 0;
			knownRegions = (
				en,
				Base,
			);
			mainGroup = E79864741D17CD020074F8D2;
			productRefGroup = E798647E1D17CD020074F8D2 /* Products */;
			projectDirPath = "";
			projectRoot = "";
			targets = (
				E798647C1D17CD020074F8D2 /* PhotoLibDemo */,
				E79864951D17CD020074F8D2 /* PhotoLibDemoTests */,
				E79864A01D17CD020074F8D2 /* PhotoLibDemoUITests */,
			);
		};
/* End PBXProject section */

/* Begin PBXResourcesBuildPhase section */
		E798647B1D17CD020074F8D2 /* Resources */ = {
			isa = PBXResourcesBuildPhase;
			buildActionMask = 2147483647;
			files = (
				E743BDAF1DFA93BB001C4A35 /* CYBack@3x.png in Resources */,
				E743BDC01DFA93BB001C4A35 /* CYPhotoBrowserCell.xib in Resources */,
				E743BDBE1DFA93BB001C4A35 /* CYPhotoBottomCollectionViewCell.xib in Resources */,
				E743BDAE1DFA93BB001C4A35 /* CYBack@2x.png in Resources */,
				E79864901D17CD020074F8D2 /* LaunchScreen.storyboard in Resources */,
				E743BDB01DFA93BB001C4A35 /* CYPhoto_circle@2x.png in Resources */,
				E743BDB61DFA93BB001C4A35 /* CYPhoto_Tanhao.png in Resources */,
				E743BDB41DFA93BB001C4A35 /* CYPhoto_selected@2x.png in Resources */,
				E743BDB71DFA93BB001C4A35 /* CYPhoto_Tanhao@2x.png in Resources */,
				E743BDB21DFA93BB001C4A35 /* CYPhoto_delete@2x.png in Resources */,
				E798648D1D17CD020074F8D2 /* Assets.xcassets in Resources */,
				E743BDB51DFA93BB001C4A35 /* CYPhoto_selected@3x.png in Resources */,
				E743BDC21DFA93BB001C4A35 /* CYPhotoBrowserFooter.xib in Resources */,
				E743BDBB1DFA93BB001C4A35 /* CYPhoto_unselected@3x.png in Resources */,
				E743BDB91DFA93BB001C4A35 /* CYPhoto_unselected.png in Resources */,
				E743BDB11DFA93BB001C4A35 /* CYPhoto_delete.png in Resources */,
				E743BDB31DFA93BB001C4A35 /* CYPhoto_selected.png in Resources */,
				E743BDBA1DFA93BB001C4A35 /* CYPhoto_unselected@2x.png in Resources */,
				E743BDB81DFA93BB001C4A35 /* CYPhoto_Tanhao@3x.png in Resources */,
				E798648B1D17CD020074F8D2 /* Main.storyboard in Resources */,
				E743BDA91DFA93BB001C4A35 /* CYPhotoBrowserController.xib in Resources */,
			);
			runOnlyForDeploymentPostprocessing = 0;
		};
		E79864941D17CD020074F8D2 /* Resources */ = {
			isa = PBXResourcesBuildPhase;
			buildActionMask = 2147483647;
			files = (
			);
			runOnlyForDeploymentPostprocessing = 0;
		};
		E798649F1D17CD020074F8D2 /* Resources */ = {
			isa = PBXResourcesBuildPhase;
			buildActionMask = 2147483647;
			files = (
			);
			runOnlyForDeploymentPostprocessing = 0;
		};
/* End PBXResourcesBuildPhase section */

/* Begin PBXSourcesBuildPhase section */
		E79864791D17CD020074F8D2 /* Sources */ = {
			isa = PBXSourcesBuildPhase;
			buildActionMask = 2147483647;
			files = (
				E743BDC31DFA93BB001C4A35 /* CYPhotoPicker.m in Sources */,
				E743BDA61DFA93BB001C4A35 /* CYPhotoAblumListController.m in Sources */,
				E743BDAD1DFA93BB001C4A35 /* CYAblumInfo.m in Sources */,
				E743BDA11DFA93BB001C4A35 /* UIButton+CYCreate.m in Sources */,
				E743BDA71DFA93BB001C4A35 /* CYPhotoBaseController.m in Sources */,
				E743BDA81DFA93BB001C4A35 /* CYPhotoBrowserController.m in Sources */,
				E743BDAC1DFA93BB001C4A35 /* CYPhotoManager.m in Sources */,
				E743BDBF1DFA93BB001C4A35 /* CYPhotoBrowserCell.m in Sources */,
				E743BDA01DFA93BB001C4A35 /* NSString+CYPHChineseName.m in Sources */,
				E79864881D17CD020074F8D2 /* ViewController.m in Sources */,
				E743BDA31DFA93BB001C4A35 /* UIView+CY_1pxLine.m in Sources */,
				E79864851D17CD020074F8D2 /* AppDelegate.m in Sources */,
				E743BDA21DFA93BB001C4A35 /* UIImage+CYCutDown.m in Sources */,
				E743BDBC1DFA93BB001C4A35 /* CYPhotoAblumCell.m in Sources */,
				E743BDAB1DFA93BB001C4A35 /* CYPhotoCenter.m in Sources */,
				E743BDAA1DFA93BB001C4A35 /* CYPhotoNavigationViewController.m in Sources */,
				E743BDA51DFA93BB001C4A35 /* UIView+CYRect.m in Sources */,
				E79864821D17CD020074F8D2 /* main.m in Sources */,
				E743BDBD1DFA93BB001C4A35 /* CYPhotoBottomCollectionViewCell.m in Sources */,
				E743BDC11DFA93BB001C4A35 /* CYPhotoBrowserFooter.m in Sources */,
				E743BDA41DFA93BB001C4A35 /* UIView+CYAnimation.m in Sources */,
			);
			runOnlyForDeploymentPostprocessing = 0;
		};
		E79864921D17CD020074F8D2 /* Sources */ = {
			isa = PBXSourcesBuildPhase;
			buildActionMask = 2147483647;
			files = (
				E798649B1D17CD020074F8D2 /* PhotoLibDemoTests.m in Sources */,
			);
			runOnlyForDeploymentPostprocessing = 0;
		};
		E798649D1D17CD020074F8D2 /* Sources */ = {
			isa = PBXSourcesBuildPhase;
			buildActionMask = 2147483647;
			files = (
				E79864A61D17CD020074F8D2 /* PhotoLibDemoUITests.m in Sources */,
			);
			runOnlyForDeploymentPostprocessing = 0;
		};
/* End PBXSourcesBuildPhase section */

/* Begin PBXTargetDependency section */
		E79864981D17CD020074F8D2 /* PBXTargetDependency */ = {
			isa = PBXTargetDependency;
			target = E798647C1D17CD020074F8D2 /* PhotoLibDemo */;
			targetProxy = E79864971D17CD020074F8D2 /* PBXContainerItemProxy */;
		};
		E79864A31D17CD020074F8D2 /* PBXTargetDependency */ = {
			isa = PBXTargetDependency;
			target = E798647C1D17CD020074F8D2 /* PhotoLibDemo */;
			targetProxy = E79864A21D17CD020074F8D2 /* PBXContainerItemProxy */;
		};
/* End PBXTargetDependency section */

/* Begin PBXVariantGroup section */
		E79864891D17CD020074F8D2 /* Main.storyboard */ = {
			isa = PBXVariantGroup;
			children = (
				E798648A1D17CD020074F8D2 /* Base */,
			);
			name = Main.storyboard;
			sourceTree = "<group>";
		};
		E798648E1D17CD020074F8D2 /* LaunchScreen.storyboard */ = {
			isa = PBXVariantGroup;
			children = (
				E798648F1D17CD020074F8D2 /* Base */,
			);
			name = LaunchScreen.storyboard;
			sourceTree = "<group>";
		};
/* End PBXVariantGroup section */

/* Begin XCBuildConfiguration section */
		E79864A81D17CD020074F8D2 /* Debug */ = {
			isa = XCBuildConfiguration;
			buildSettings = {
				ALWAYS_SEARCH_USER_PATHS = NO;
				CLANG_ANALYZER_NONNULL = YES;
				CLANG_CXX_LANGUAGE_STANDARD = "gnu++0x";
				CLANG_CXX_LIBRARY = "libc++";
				CLANG_ENABLE_MODULES = YES;
				CLANG_ENABLE_OBJC_ARC = YES;
				CLANG_WARN_BOOL_CONVERSION = YES;
				CLANG_WARN_CONSTANT_CONVERSION = YES;
				CLANG_WARN_DIRECT_OBJC_ISA_USAGE = YES_ERROR;
				CLANG_WARN_EMPTY_BODY = YES;
				CLANG_WARN_ENUM_CONVERSION = YES;
				CLANG_WARN_INFINITE_RECURSION = YES;
				CLANG_WARN_INT_CONVERSION = YES;
				CLANG_WARN_OBJC_ROOT_CLASS = YES_ERROR;
				CLANG_WARN_SUSPICIOUS_MOVE = YES;
				CLANG_WARN_UNREACHABLE_CODE = YES;
				CLANG_WARN__DUPLICATE_METHOD_MATCH = YES;
				"CODE_SIGN_IDENTITY[sdk=iphoneos*]" = "iPhone Developer";
				COPY_PHASE_STRIP = NO;
				DEBUG_INFORMATION_FORMAT = dwarf;
				ENABLE_STRICT_OBJC_MSGSEND = YES;
				ENABLE_TESTABILITY = YES;
				GCC_C_LANGUAGE_STANDARD = gnu99;
				GCC_DYNAMIC_NO_PIC = NO;
				GCC_NO_COMMON_BLOCKS = YES;
				GCC_OPTIMIZATION_LEVEL = 0;
				GCC_PREPROCESSOR_DEFINITIONS = (
					"DEBUG=1",
					"$(inherited)",
				);
				GCC_WARN_64_TO_32_BIT_CONVERSION = YES;
				GCC_WARN_ABOUT_RETURN_TYPE = YES_ERROR;
				GCC_WARN_UNDECLARED_SELECTOR = YES;
				GCC_WARN_UNINITIALIZED_AUTOS = YES_AGGRESSIVE;
				GCC_WARN_UNUSED_FUNCTION = YES;
				GCC_WARN_UNUSED_VARIABLE = YES;
				IPHONEOS_DEPLOYMENT_TARGET = 9.3;
				MTL_ENABLE_DEBUG_INFO = YES;
				ONLY_ACTIVE_ARCH = YES;
				SDKROOT = iphoneos;
			};
			name = Debug;
		};
		E79864A91D17CD020074F8D2 /* Release */ = {
			isa = XCBuildConfiguration;
			buildSettings = {
				ALWAYS_SEARCH_USER_PATHS = NO;
				CLANG_ANALYZER_NONNULL = YES;
				CLANG_CXX_LANGUAGE_STANDARD = "gnu++0x";
				CLANG_CXX_LIBRARY = "libc++";
				CLANG_ENABLE_MODULES = YES;
				CLANG_ENABLE_OBJC_ARC = YES;
				CLANG_WARN_BOOL_CONVERSION = YES;
				CLANG_WARN_CONSTANT_CONVERSION = YES;
				CLANG_WARN_DIRECT_OBJC_ISA_USAGE = YES_ERROR;
				CLANG_WARN_EMPTY_BODY = YES;
				CLANG_WARN_ENUM_CONVERSION = YES;
				CLANG_WARN_INFINITE_RECURSION = YES;
				CLANG_WARN_INT_CONVERSION = YES;
				CLANG_WARN_OBJC_ROOT_CLASS = YES_ERROR;
				CLANG_WARN_SUSPICIOUS_MOVE = YES;
				CLANG_WARN_UNREACHABLE_CODE = YES;
				CLANG_WARN__DUPLICATE_METHOD_MATCH = YES;
				"CODE_SIGN_IDENTITY[sdk=iphoneos*]" = "iPhone Developer";
				COPY_PHASE_STRIP = NO;
				DEBUG_INFORMATION_FORMAT = "dwarf-with-dsym";
				ENABLE_NS_ASSERTIONS = NO;
				ENABLE_STRICT_OBJC_MSGSEND = YES;
				GCC_C_LANGUAGE_STANDARD = gnu99;
				GCC_NO_COMMON_BLOCKS = YES;
				GCC_WARN_64_TO_32_BIT_CONVERSION = YES;
				GCC_WARN_ABOUT_RETURN_TYPE = YES_ERROR;
				GCC_WARN_UNDECLARED_SELECTOR = YES;
				GCC_WARN_UNINITIALIZED_AUTOS = YES_AGGRESSIVE;
				GCC_WARN_UNUSED_FUNCTION = YES;
				GCC_WARN_UNUSED_VARIABLE = YES;
				IPHONEOS_DEPLOYMENT_TARGET = 9.3;
				MTL_ENABLE_DEBUG_INFO = NO;
				SDKROOT = iphoneos;
				VALIDATE_PRODUCT = YES;
			};
			name = Release;
		};
		E79864AB1D17CD020074F8D2 /* Debug */ = {
			isa = XCBuildConfiguration;
			buildSettings = {
				ASSETCATALOG_COMPILER_APPICON_NAME = AppIcon;
				DEVELOPMENT_TEAM = 7ENE4DHQ7N;
				INFOPLIST_FILE = PhotoLibDemo/Info.plist;
				LD_RUNPATH_SEARCH_PATHS = "$(inherited) @executable_path/Frameworks";
				PRODUCT_BUNDLE_IDENTIFIER = com.Futurestar.PhotoLibDemo;
				PRODUCT_NAME = "$(TARGET_NAME)";
				TARGETED_DEVICE_FAMILY = "1,2";
			};
			name = Debug;
		};
		E79864AC1D17CD020074F8D2 /* Release */ = {
			isa = XCBuildConfiguration;
			buildSettings = {
				ASSETCATALOG_COMPILER_APPICON_NAME = AppIcon;
				DEVELOPMENT_TEAM = 7ENE4DHQ7N;
				INFOPLIST_FILE = PhotoLibDemo/Info.plist;
				LD_RUNPATH_SEARCH_PATHS = "$(inherited) @executable_path/Frameworks";
				PRODUCT_BUNDLE_IDENTIFIER = com.Futurestar.PhotoLibDemo;
				PRODUCT_NAME = "$(TARGET_NAME)";
				TARGETED_DEVICE_FAMILY = "1,2";
			};
			name = Release;
		};
		E79864AE1D17CD020074F8D2 /* Debug */ = {
			isa = XCBuildConfiguration;
			buildSettings = {
				BUNDLE_LOADER = "$(TEST_HOST)";
				INFOPLIST_FILE = PhotoLibDemoTests/Info.plist;
				LD_RUNPATH_SEARCH_PATHS = "$(inherited) @executable_path/Frameworks @loader_path/Frameworks";
				PRODUCT_BUNDLE_IDENTIFIER = com.Futurestar.PhotoLibDemoTests;
				PRODUCT_NAME = "$(TARGET_NAME)";
				TEST_HOST = "$(BUILT_PRODUCTS_DIR)/PhotoLibDemo.app/PhotoLibDemo";
			};
			name = Debug;
		};
		E79864AF1D17CD020074F8D2 /* Release */ = {
			isa = XCBuildConfiguration;
			buildSettings = {
				BUNDLE_LOADER = "$(TEST_HOST)";
				INFOPLIST_FILE = PhotoLibDemoTests/Info.plist;
				LD_RUNPATH_SEARCH_PATHS = "$(inherited) @executable_path/Frameworks @loader_path/Frameworks";
				PRODUCT_BUNDLE_IDENTIFIER = com.Futurestar.PhotoLibDemoTests;
				PRODUCT_NAME = "$(TARGET_NAME)";
				TEST_HOST = "$(BUILT_PRODUCTS_DIR)/PhotoLibDemo.app/PhotoLibDemo";
			};
			name = Release;
		};
		E79864B11D17CD020074F8D2 /* Debug */ = {
			isa = XCBuildConfiguration;
			buildSettings = {
				INFOPLIST_FILE = PhotoLibDemoUITests/Info.plist;
				LD_RUNPATH_SEARCH_PATHS = "$(inherited) @executable_path/Frameworks @loader_path/Frameworks";
				PRODUCT_BUNDLE_IDENTIFIER = com.Futurestar.PhotoLibDemoUITests;
				PRODUCT_NAME = "$(TARGET_NAME)";
				TEST_TARGET_NAME = PhotoLibDemo;
			};
			name = Debug;
		};
		E79864B21D17CD020074F8D2 /* Release */ = {
			isa = XCBuildConfiguration;
			buildSettings = {
				INFOPLIST_FILE = PhotoLibDemoUITests/Info.plist;
				LD_RUNPATH_SEARCH_PATHS = "$(inherited) @executable_path/Frameworks @loader_path/Frameworks";
				PRODUCT_BUNDLE_IDENTIFIER = com.Futurestar.PhotoLibDemoUITests;
				PRODUCT_NAME = "$(TARGET_NAME)";
				TEST_TARGET_NAME = PhotoLibDemo;
			};
			name = Release;
		};
/* End XCBuildConfiguration section */

/* Begin XCConfigurationList section */
		E79864781D17CD020074F8D2 /* Build configuration list for PBXProject "PhotoLibDemo" */ = {
			isa = XCConfigurationList;
			buildConfigurations = (
				E79864A81D17CD020074F8D2 /* Debug */,
				E79864A91D17CD020074F8D2 /* Release */,
			);
			defaultConfigurationIsVisible = 0;
			defaultConfigurationName = Release;
		};
		E79864AA1D17CD020074F8D2 /* Build configuration list for PBXNativeTarget "PhotoLibDemo" */ = {
			isa = XCConfigurationList;
			buildConfigurations = (
				E79864AB1D17CD020074F8D2 /* Debug */,
				E79864AC1D17CD020074F8D2 /* Release */,
			);
			defaultConfigurationIsVisible = 0;
			defaultConfigurationName = Release;
		};
		E79864AD1D17CD020074F8D2 /* Build configuration list for PBXNativeTarget "PhotoLibDemoTests" */ = {
			isa = XCConfigurationList;
			buildConfigurations = (
				E79864AE1D17CD020074F8D2 /* Debug */,
				E79864AF1D17CD020074F8D2 /* Release */,
			);
			defaultConfigurationIsVisible = 0;
			defaultConfigurationName = Release;
		};
		E79864B01D17CD020074F8D2 /* Build configuration list for PBXNativeTarget "PhotoLibDemoUITests" */ = {
			isa = XCConfigurationList;
			buildConfigurations = (
				E79864B11D17CD020074F8D2 /* Debug */,
				E79864B21D17CD020074F8D2 /* Release */,
			);
			defaultConfigurationIsVisible = 0;
			defaultConfigurationName = Release;
		};
/* End XCConfigurationList section */
	};
	rootObject = E79864751D17CD020074F8D2 /* Project object */;
}
